PODS:
  - Ably (1.2.7):
    - AblyDeltaCodec (= 1.3.2)
    - msgpack (= 0.4.0)
  - AblyDeltaCodec (1.3.2)
  - Harmony/Common (1.1.5):
    - Harmony/Future
  - Harmony/Future (1.1.5)
  - Harmony/Repository (1.1.5):
    - Harmony/Common
    - Harmony/Future
  - MagicBell (1.0.0-alpha.1):
    - Ably (= 1.2.7)
    - Harmony/Repository (= 1.1.5)
  - msgpack (0.4.0)
  - SwiftLint (0.45.1)

DEPENDENCIES:
  - MagicBell (from `../`)
  - SwiftLint

SPEC REPOS:
  trunk:
    - Ably
    - AblyDeltaCodec
    - Harmony
    - msgpack
    - SwiftLint

EXTERNAL SOURCES:
  MagicBell:
    :path: "../"

SPEC CHECKSUMS:
  Ably: f627c0c2e4489785b74d33d2c1287edeb9c6a7be
  AblyDeltaCodec: 783d017270de70bbbc0a84e4235297b225d33636
  Harmony: ecb9f9dca0d5c5cac452891e0a06c068c6d2c8d7
  MagicBell: a384d805d582e5fde16f893e682d14085efc5928
  msgpack: c85f6251873059738472ae136951cec5f30f3251
  SwiftLint: 06ac37e4d38c7068e0935bb30cda95f093bec761

PODFILE CHECKSUM: d328242d929fb293f5b4dee8a2cabb1f1d476d99

COCOAPODS: 1.11.2
