PODS:
  - Harmony/Common (1.1.4):
    - Harmony/Future
  - Harmony/Future (1.1.4)
  - Harmony/Repository (1.1.4):
    - Harmony/Common
    - Harmony/Future
  - MagicBell (0.1.0):
    - Harmony/Repository
  - SwiftLint (0.45.1)

DEPENDENCIES:
  - Harmony/Repository
  - MagicBell (from `./`)
  - SwiftLint

SPEC REPOS:
  trunk:
    - Harmony
    - SwiftLint

EXTERNAL SOURCES:
  MagicBell:
    :path: "./"

SPEC CHECKSUMS:
  Harmony: c75b73a290fe8399703a90206f4b987ea3c1516c
  MagicBell: f40c1ac9fb84a094ab4b10aff489c952c09da378
  SwiftLint: 06ac37e4d38c7068e0935bb30cda95f093bec761

PODFILE CHECKSUM: 9f7a9dd057126b2e13c8d39a26dea944e6515dcc

COCOAPODS: 1.11.2
