PODS:
  - Ably (1.2.7):
    - AblyDeltaCodec (= 1.3.2)
    - msgpack (= 0.4.0)
  - AblyDeltaCodec (1.3.2)
  - Harmony/Common (1.1.4):
    - Harmony/Future
  - Harmony/Future (1.1.4)
  - Harmony/Repository (1.1.4):
    - Harmony/Common
    - Harmony/Future
  - msgpack (0.4.0)

DEPENDENCIES:
  - Ably (= 1.2.7)
  - Harmony/Repository

SPEC REPOS:
  trunk:
    - Ably
    - AblyDeltaCodec
    - Harmony
    - msgpack

SPEC CHECKSUMS:
  Ably: f627c0c2e4489785b74d33d2c1287edeb9c6a7be
  AblyDeltaCodec: 783d017270de70bbbc0a84e4235297b225d33636
  Harmony: c75b73a290fe8399703a90206f4b987ea3c1516c
  msgpack: c85f6251873059738472ae136951cec5f30f3251

PODFILE CHECKSUM: 85dcc44ce501578faa093a8f8392057cdd0df447

COCOAPODS: 1.11.2
