// !$*UTF8*$!
{
	archiveVersion = 1;
	classes = {
	};
	objectVersion = 55;
	objects = {

/* Begin PBXBuildFile section */
		593883B027603023001D38FC /* SendPushSubscriptionInteractor.swift in Sources */ = {isa = PBXBuildFile; fileRef = 593883AF27603023001D38FC /* SendPushSubscriptionInteractor.swift */; };
		593883B2276036BC001D38FC /* DeviceTokenQuery.swift in Sources */ = {isa = PBXBuildFile; fileRef = 593883B1276036BC001D38FC /* DeviceTokenQuery.swift */; };
		593883B727603B9B001D38FC /* DeletePushSubscriptionInteractor.swift in Sources */ = {isa = PBXBuildFile; fileRef = 593883B627603B9B001D38FC /* DeletePushSubscriptionInteractor.swift */; };
		593883BF2761EBA9001D38FC /* LogLevel.swift in Sources */ = {isa = PBXBuildFile; fileRef = 593883BE2761EBA9001D38FC /* LogLevel.swift */; };
		593883C22761F18D001D38FC /* GetUserPreferencesInteractor.swift in Sources */ = {isa = PBXBuildFile; fileRef = 593883C12761F18D001D38FC /* GetUserPreferencesInteractor.swift */; };
		593883C42761F581001D38FC /* UpdateUserPreferencesInteractor.swift in Sources */ = {isa = PBXBuildFile; fileRef = 593883C32761F581001D38FC /* UpdateUserPreferencesInteractor.swift */; };
		593883C627620F45001D38FC /* UserPreferencesMapper.swift in Sources */ = {isa = PBXBuildFile; fileRef = 593883C527620F45001D38FC /* UserPreferencesMapper.swift */; };
		593883C827621037001D38FC /* UserPreferences.swift in Sources */ = {isa = PBXBuildFile; fileRef = 593883C727621037001D38FC /* UserPreferences.swift */; };
		5953192E27561BA8006673E9 /* NotificationValidator.swift in Sources */ = {isa = PBXBuildFile; fileRef = 5953192D27561BA8006673E9 /* NotificationValidator.swift */; };
		595319322756249A006673E9 /* NotificationValidatorTests.swift in Sources */ = {isa = PBXBuildFile; fileRef = 595319312756249A006673E9 /* NotificationValidatorTests.swift */; };
		59569B9A274F752100FF1AA6 /* StorePage.swift in Sources */ = {isa = PBXBuildFile; fileRef = 59569B99274F752100FF1AA6 /* StorePage.swift */; };
		59569BA5274F7B8A00FF1AA6 /* GraphQLRequest.swift in Sources */ = {isa = PBXBuildFile; fileRef = 59569BA4274F7B8A00FF1AA6 /* GraphQLRequest.swift */; };
		59569BA8274F7CA300FF1AA6 /* StoresGraphQLDataSource.swift in Sources */ = {isa = PBXBuildFile; fileRef = 59569BA7274F7CA300FF1AA6 /* StoresGraphQLDataSource.swift */; };
		59569BAE274F82F100FF1AA6 /* StoreProvider.swift in Sources */ = {isa = PBXBuildFile; fileRef = 59569BAD274F82F100FF1AA6 /* StoreProvider.swift */; };
		59569BB0274F838D00FF1AA6 /* StoreQuery.swift in Sources */ = {isa = PBXBuildFile; fileRef = 59569BAF274F838D00FF1AA6 /* StoreQuery.swift */; };
		59569BB22750EEDF00FF1AA6 /* StoreGraphQLRepresentableExtensions.swift in Sources */ = {isa = PBXBuildFile; fileRef = 59569BB12750EEDF00FF1AA6 /* StoreGraphQLRepresentableExtensions.swift */; };
		59569BB52750FD8700FF1AA6 /* GetStorePagesInteractor.swift in Sources */ = {isa = PBXBuildFile; fileRef = 59569BB42750FD8700FF1AA6 /* GetStorePagesInteractor.swift */; };
		595AC4C327710C0100A3DCA2 /* StorePageMotherObject.swift in Sources */ = {isa = PBXBuildFile; fileRef = 595AC4C127710BF500A3DCA2 /* StorePageMotherObject.swift */; };
		595AC4C827710C7A00A3DCA2 /* NotificationEdgeMotherObject.swift in Sources */ = {isa = PBXBuildFile; fileRef = 595AC4C627710C7000A3DCA2 /* NotificationEdgeMotherObject.swift */; };
		595AC4CE27710EF000A3DCA2 /* PageInfoMotherObject.swift in Sources */ = {isa = PBXBuildFile; fileRef = 595AC4CC27710DCD00A3DCA2 /* PageInfoMotherObject.swift */; };
		595AC4D627715D9D00A3DCA2 /* InitialNotificationStoreCounts.swift in Sources */ = {isa = PBXBuildFile; fileRef = 595AC4D327715D8D00A3DCA2 /* InitialNotificationStoreCounts.swift */; };
		5970B59927A290430061835E /* Ably.xcframework in Frameworks */ = {isa = PBXBuildFile; fileRef = 59799C4E27A20ADD0032C7D6 /* Ably.xcframework */; };
		5970B59A27A290430061835E /* Ably.xcframework in Embed Frameworks */ = {isa = PBXBuildFile; fileRef = 59799C4E27A20ADD0032C7D6 /* Ably.xcframework */; settings = {ATTRIBUTES = (CodeSignOnCopy, RemoveHeadersOnCopy, ); }; };
		5970B59B27A290430061835E /* AblyDeltaCodec.xcframework in Frameworks */ = {isa = PBXBuildFile; fileRef = 59799C5227A20AE90032C7D6 /* AblyDeltaCodec.xcframework */; };
		5970B59C27A290430061835E /* AblyDeltaCodec.xcframework in Embed Frameworks */ = {isa = PBXBuildFile; fileRef = 59799C5227A20AE90032C7D6 /* AblyDeltaCodec.xcframework */; settings = {ATTRIBUTES = (CodeSignOnCopy, RemoveHeadersOnCopy, ); }; };
		5970B59D27A290430061835E /* Harmony.xcframework in Frameworks */ = {isa = PBXBuildFile; fileRef = 59799C5827A20AFE0032C7D6 /* Harmony.xcframework */; };
		5970B59E27A290430061835E /* Harmony.xcframework in Embed Frameworks */ = {isa = PBXBuildFile; fileRef = 59799C5827A20AFE0032C7D6 /* Harmony.xcframework */; settings = {ATTRIBUTES = (CodeSignOnCopy, RemoveHeadersOnCopy, ); }; };
		5970B59F27A290430061835E /* msgpack.xcframework in Frameworks */ = {isa = PBXBuildFile; fileRef = 59799C5527A20AF40032C7D6 /* msgpack.xcframework */; };
		5970B5A027A290430061835E /* msgpack.xcframework in Embed Frameworks */ = {isa = PBXBuildFile; fileRef = 59799C5527A20AF40032C7D6 /* msgpack.xcframework */; settings = {ATTRIBUTES = (CodeSignOnCopy, RemoveHeadersOnCopy, ); }; };
		59799C4C27A203550032C7D6 /* NotificationFragment.graphql in Resources */ = {isa = PBXBuildFile; fileRef = D2CBA51F275121C2002F1E44 /* NotificationFragment.graphql */; };
		59799E312746587000BFB375 /* MagicBellClient.swift in Sources */ = {isa = PBXBuildFile; fileRef = 59799E302746587000BFB375 /* MagicBellClient.swift */; };
		59799E33274658B100BFB375 /* SDKProvider.swift in Sources */ = {isa = PBXBuildFile; fileRef = 59799E32274658B100BFB375 /* SDKProvider.swift */; };
		59799E38274659D800BFB375 /* Environment.swift in Sources */ = {isa = PBXBuildFile; fileRef = 59799E37274659D800BFB375 /* Environment.swift */; };
		59799E3B27465A0E00BFB375 /* UserQuery.swift in Sources */ = {isa = PBXBuildFile; fileRef = 59799E3A27465A0E00BFB375 /* UserQuery.swift */; };
		59799E3F27465BB500BFB375 /* DataToDecodableMapper.swift in Sources */ = {isa = PBXBuildFile; fileRef = 59799E3D27465BB500BFB375 /* DataToDecodableMapper.swift */; };
		59799E4027465BB500BFB375 /* HttpClient.swift in Sources */ = {isa = PBXBuildFile; fileRef = 59799E3E27465BB500BFB375 /* HttpClient.swift */; };
		59799E4427465C9200BFB375 /* String+HMAC.swift in Sources */ = {isa = PBXBuildFile; fileRef = 59799E4327465C9200BFB375 /* String+HMAC.swift */; };
		59799E4727465F8F00BFB375 /* ConfigProvider.swift in Sources */ = {isa = PBXBuildFile; fileRef = 59799E4527465F8F00BFB375 /* ConfigProvider.swift */; };
		59799E542746604F00BFB375 /* ConfigNetworkDataSource.swift in Sources */ = {isa = PBXBuildFile; fileRef = 59799E502746604F00BFB375 /* ConfigNetworkDataSource.swift */; };
		59799E552746604F00BFB375 /* Config.swift in Sources */ = {isa = PBXBuildFile; fileRef = 59799E522746604F00BFB375 /* Config.swift */; };
		59799E5C2746609A00BFB375 /* NotificationNetworkDataSource.swift in Sources */ = {isa = PBXBuildFile; fileRef = 59799E592746609A00BFB375 /* NotificationNetworkDataSource.swift */; };
		59799E5D2746609A00BFB375 /* Notification.swift in Sources */ = {isa = PBXBuildFile; fileRef = 59799E5B2746609A00BFB375 /* Notification.swift */; };
		59799E65274660AD00BFB375 /* UserPreferencesProvider.swift in Sources */ = {isa = PBXBuildFile; fileRef = 59799E5F274660AD00BFB375 /* UserPreferencesProvider.swift */; };
		59799E66274660AD00BFB375 /* UserPreferencesNetworkDataSource.swift in Sources */ = {isa = PBXBuildFile; fileRef = 59799E62274660AD00BFB375 /* UserPreferencesNetworkDataSource.swift */; };
		59799E67274660AD00BFB375 /* UserPreferencesEntity.swift in Sources */ = {isa = PBXBuildFile; fileRef = 59799E64274660AD00BFB375 /* UserPreferencesEntity.swift */; };
		59799E69274662E900BFB375 /* NotificationProvider.swift in Sources */ = {isa = PBXBuildFile; fileRef = 59799E68274662E900BFB375 /* NotificationProvider.swift */; };
		59799E6B274671A100BFB375 /* NetworkError.swift in Sources */ = {isa = PBXBuildFile; fileRef = 59799E6A274671A100BFB375 /* NetworkError.swift */; };
		59827B55275FD7C9009D93D8 /* AblyMessageProcessor.swift in Sources */ = {isa = PBXBuildFile; fileRef = 59827B54275FD7C9009D93D8 /* AblyMessageProcessor.swift */; };
		5988BBDA2771D0C2009F4205 /* NotificationStoreRealTimeTests.swift in Sources */ = {isa = PBXBuildFile; fileRef = 5988BBD92771D0C2009F4205 /* NotificationStoreRealTimeTests.swift */; };
		5988BBDE2771F057009F4205 /* ContentObserverMock.swift in Sources */ = {isa = PBXBuildFile; fileRef = 5988BBDD2771F057009F4205 /* ContentObserverMock.swift */; };
		5988BBE02771F061009F4205 /* CountObserverMock.swift in Sources */ = {isa = PBXBuildFile; fileRef = 5988BBDF2771F061009F4205 /* CountObserverMock.swift */; };
		5997F8E6277099CB00DED4E4 /* FetchStorePageMockInteractor.swift in Sources */ = {isa = PBXBuildFile; fileRef = 59CFBD4E2770956000F1843C /* FetchStorePageMockInteractor.swift */; };
		5997F8E927709A8D00DED4E4 /* ActionNotificationMockInteractor.swift in Sources */ = {isa = PBXBuildFile; fileRef = 5997F8E827709A8D00DED4E4 /* ActionNotificationMockInteractor.swift */; };
		5997F8EB27709E6A00DED4E4 /* DeleteNotificationMockInteractor.swift in Sources */ = {isa = PBXBuildFile; fileRef = 5997F8EA27709E6A00DED4E4 /* DeleteNotificationMockInteractor.swift */; };
		5997F8EF2770A3E600DED4E4 /* StoreRealTimeMock.swift in Sources */ = {isa = PBXBuildFile; fileRef = 5997F8EE2770A3E600DED4E4 /* StoreRealTimeMock.swift */; };
		5997F8F22770A88600DED4E4 /* NotificationStoreTests.swift in Sources */ = {isa = PBXBuildFile; fileRef = 5997F8F12770A88600DED4E4 /* NotificationStoreTests.swift */; };
		5997F8F52770EA9F00DED4E4 /* GetConfigMockInteractor.swift in Sources */ = {isa = PBXBuildFile; fileRef = 5997F8F42770EA9F00DED4E4 /* GetConfigMockInteractor.swift */; };
		5997F8F72770ED4C00DED4E4 /* DeleteConfigMockInteractor.swift in Sources */ = {isa = PBXBuildFile; fileRef = 5997F8F62770ED4C00DED4E4 /* DeleteConfigMockInteractor.swift */; };
		5997F8FB2770F42800DED4E4 /* NotificationMotherObject.swift in Sources */ = {isa = PBXBuildFile; fileRef = 5997F8FA2770F42800DED4E4 /* NotificationMotherObject.swift */; };
		59B2DDA3276959AC0038B0EA /* UserPreferencesDirector.swift in Sources */ = {isa = PBXBuildFile; fileRef = 59B2DDA2276959AC0038B0EA /* UserPreferencesDirector.swift */; };
		59B2DDA72769682C0038B0EA /* PushSubscriptionDirector.swift in Sources */ = {isa = PBXBuildFile; fileRef = 59B2DDA62769682C0038B0EA /* PushSubscriptionDirector.swift */; };
		59B2DDAC276AB4490038B0EA /* String+Data.swift in Sources */ = {isa = PBXBuildFile; fileRef = 59B2DDAB276AB4490038B0EA /* String+Data.swift */; };
		59B2DDAE276B5C4C0038B0EA /* CodingKey+JSON.swift in Sources */ = {isa = PBXBuildFile; fileRef = 59B2DDAD276B5C4C0038B0EA /* CodingKey+JSON.swift */; };
		59C12ECC2746DBC200311D24 /* PushSubscriptionNetworkDataSource.swift in Sources */ = {isa = PBXBuildFile; fileRef = 59C12ECB2746DBC200311D24 /* PushSubscriptionNetworkDataSource.swift */; };
		59C12ECF2746DC7100311D24 /* PushSubscription.swift in Sources */ = {isa = PBXBuildFile; fileRef = 59C12ECE2746DC7100311D24 /* PushSubscription.swift */; };
		59C12ED12746E48100311D24 /* PushSubscriptionProvider.swift in Sources */ = {isa = PBXBuildFile; fileRef = 59C12ED02746E48100311D24 /* PushSubscriptionProvider.swift */; };
		59C12ED42747131000311D24 /* MappingError.swift in Sources */ = {isa = PBXBuildFile; fileRef = 59C12ED32747131000311D24 /* MappingError.swift */; };
		59C3CDBC274D039D0043BA77 /* MagicBellError.swift in Sources */ = {isa = PBXBuildFile; fileRef = 59C3CDBB274D039D0043BA77 /* MagicBellError.swift */; };
		59C3CDC0274D2CC20043BA77 /* GetConfigInteractor.swift in Sources */ = {isa = PBXBuildFile; fileRef = 59C3CDBF274D2CC20043BA77 /* GetConfigInteractor.swift */; };
		59C3CDC2274D2F220043BA77 /* EncodableToDataMapper.swift in Sources */ = {isa = PBXBuildFile; fileRef = 59C3CDC1274D2F220043BA77 /* EncodableToDataMapper.swift */; };
		59C3CDC4274D36360043BA77 /* DeleteConfigInteractor.swift in Sources */ = {isa = PBXBuildFile; fileRef = 59C3CDC3274D36360043BA77 /* DeleteConfigInteractor.swift */; };
		59C3CDC6274D4ED40043BA77 /* ErrorEntity.swift in Sources */ = {isa = PBXBuildFile; fileRef = 59C3CDC5274D4ED40043BA77 /* ErrorEntity.swift */; };
		59CA80BC277A19A50024673C /* NotificationStoreCombine.swift in Sources */ = {isa = PBXBuildFile; fileRef = 59CA80BB277A19A50024673C /* NotificationStoreCombine.swift */; };
		59CA80BF277A2E650024673C /* NotificationStoreCombineTests.swift in Sources */ = {isa = PBXBuildFile; fileRef = 59CA80BD277A2E310024673C /* NotificationStoreCombineTests.swift */; };
		59E92013275400F500D8877A /* NotificationStore.swift in Sources */ = {isa = PBXBuildFile; fileRef = 59E92012275400F500D8877A /* NotificationStore.swift */; };
		59EF99BC27446D6900FB2378 /* MagicBell.framework in Frameworks */ = {isa = PBXBuildFile; fileRef = 59EF99B127446D6900FB2378 /* MagicBell.framework */; };
		59EF99C127446D6900FB2378 /* MagicBellTests.swift in Sources */ = {isa = PBXBuildFile; fileRef = 59EF99C027446D6900FB2378 /* MagicBellTests.swift */; };
		59EF9AC52744710300FB2378 /* MagicBell.podspec in Resources */ = {isa = PBXBuildFile; fileRef = 59EF9AC42744710300FB2378 /* MagicBell.podspec */; };
		59EF9ACB2744792A00FB2378 /* LICENSE in Resources */ = {isa = PBXBuildFile; fileRef = 59EF9ACA2744792A00FB2378 /* LICENSE */; };
		59F4596B2758C39F008F3BC8 /* FetchStorePageInteractor.swift in Sources */ = {isa = PBXBuildFile; fileRef = 59F4596A2758C39F008F3BC8 /* FetchStorePageInteractor.swift */; };
		59F4596E2758C739008F3BC8 /* ActionNotificationInteractor.swift in Sources */ = {isa = PBXBuildFile; fileRef = 59F4596D2758C739008F3BC8 /* ActionNotificationInteractor.swift */; };
		59F459702758CC25008F3BC8 /* DeleteNotificationInteractor.swift in Sources */ = {isa = PBXBuildFile; fileRef = 59F4596F2758CC25008F3BC8 /* DeleteNotificationInteractor.swift */; };
		59F459722758D0DB008F3BC8 /* GetNotificationInteractor.swift in Sources */ = {isa = PBXBuildFile; fileRef = 59F459712758D0DB008F3BC8 /* GetNotificationInteractor.swift */; };
		59F4597527597FF7008F3BC8 /* AblyConnector.swift in Sources */ = {isa = PBXBuildFile; fileRef = 59F4597427597FF7008F3BC8 /* AblyConnector.swift */; };
		59F45979275A434A008F3BC8 /* StoreRealTimeProvider.swift in Sources */ = {isa = PBXBuildFile; fileRef = 59F45978275A434A008F3BC8 /* StoreRealTimeProvider.swift */; };
		59F4597B275A48AD008F3BC8 /* StoreRealTime.swift in Sources */ = {isa = PBXBuildFile; fileRef = 59F4597A275A48AD008F3BC8 /* StoreRealTime.swift */; };
		D27CF1BA27906FDD00897BCB /* User.swift in Sources */ = {isa = PBXBuildFile; fileRef = D27CF1B927906FDD00897BCB /* User.swift */; };
		D29D249227747DA000726ABD /* NotificationStorePublisher.swift in Sources */ = {isa = PBXBuildFile; fileRef = D29D249127747DA000726ABD /* NotificationStorePublisher.swift */; };
		D2C5A1B02768C25500C20D74 /* StoreDirector.swift in Sources */ = {isa = PBXBuildFile; fileRef = D2C5A1AF2768C25500C20D74 /* StoreDirector.swift */; };
		D2CBA520275121C2002F1E44 /* NotificationFragment.graphql in Sources */ = {isa = PBXBuildFile; fileRef = D2CBA51F275121C2002F1E44 /* NotificationFragment.graphql */; };
		D2CBA52227512462002F1E44 /* PageInfo.swift in Sources */ = {isa = PBXBuildFile; fileRef = D2CBA52127512462002F1E44 /* PageInfo.swift */; };
		D2CBA52427512499002F1E44 /* Edge.swift in Sources */ = {isa = PBXBuildFile; fileRef = D2CBA52327512499002F1E44 /* Edge.swift */; };
		D2CBA52727512518002F1E44 /* CursorPredicate.swift in Sources */ = {isa = PBXBuildFile; fileRef = D2CBA52627512518002F1E44 /* CursorPredicate.swift */; };
		D2CBA529275125B3002F1E44 /* GraphQLRepresentable.swift in Sources */ = {isa = PBXBuildFile; fileRef = D2CBA528275125B3002F1E44 /* GraphQLRepresentable.swift */; };
		D2CBA52D27512642002F1E44 /* GraphQLResponse.swift in Sources */ = {isa = PBXBuildFile; fileRef = D2CBA52C27512642002F1E44 /* GraphQLResponse.swift */; };
		D2CBA52F275128FA002F1E44 /* StorePredicate.swift in Sources */ = {isa = PBXBuildFile; fileRef = D2CBA52E275128FA002F1E44 /* StorePredicate.swift */; };
		D2CBA53127513747002F1E44 /* StoreContext.swift in Sources */ = {isa = PBXBuildFile; fileRef = D2CBA53027513747002F1E44 /* StoreContext.swift */; };
		D2CBA53327513D6A002F1E44 /* GraphQLFragment.swift in Sources */ = {isa = PBXBuildFile; fileRef = D2CBA53227513D6A002F1E44 /* GraphQLFragment.swift */; };
		D2D277262747C9CF00B5F69E /* ActionNotificationNetworkDataSource.swift in Sources */ = {isa = PBXBuildFile; fileRef = D2D277252747C9CF00B5F69E /* ActionNotificationNetworkDataSource.swift */; };
		D2D277292747D40A00B5F69E /* NotificationQuery.swift in Sources */ = {isa = PBXBuildFile; fileRef = D2D277282747D40A00B5F69E /* NotificationQuery.swift */; };
		D2D2772B2747D43200B5F69E /* PushSubscriptionQuery.swift in Sources */ = {isa = PBXBuildFile; fileRef = D2D2772A2747D43200B5F69E /* PushSubscriptionQuery.swift */; };
		D2E038282767943F0077FFF3 /* NotificationStoreObserver.swift in Sources */ = {isa = PBXBuildFile; fileRef = D2E038272767943F0077FFF3 /* NotificationStoreObserver.swift */; };
/* End PBXBuildFile section */

/* Begin PBXContainerItemProxy section */
		59EF99BD27446D6900FB2378 /* PBXContainerItemProxy */ = {
			isa = PBXContainerItemProxy;
			containerPortal = 59EF99A827446D6900FB2378 /* Project object */;
			proxyType = 1;
			remoteGlobalIDString = 59EF99B027446D6900FB2378;
			remoteInfo = MagicBell;
		};
/* End PBXContainerItemProxy section */

/* Begin PBXCopyFilesBuildPhase section */
		5970B5A127A290430061835E /* Embed Frameworks */ = {
			isa = PBXCopyFilesBuildPhase;
			buildActionMask = 2147483647;
			dstPath = "";
			dstSubfolderSpec = 10;
			files = (
				5970B5A027A290430061835E /* msgpack.xcframework in Embed Frameworks */,
				5970B59E27A290430061835E /* Harmony.xcframework in Embed Frameworks */,
				5970B59A27A290430061835E /* Ably.xcframework in Embed Frameworks */,
				5970B59C27A290430061835E /* AblyDeltaCodec.xcframework in Embed Frameworks */,
			);
			name = "Embed Frameworks";
			runOnlyForDeploymentPostprocessing = 0;
		};
/* End PBXCopyFilesBuildPhase section */

/* Begin PBXFileReference section */
		593883AF27603023001D38FC /* SendPushSubscriptionInteractor.swift */ = {isa = PBXFileReference; lastKnownFileType = sourcecode.swift; path = SendPushSubscriptionInteractor.swift; sourceTree = "<group>"; };
		593883B1276036BC001D38FC /* DeviceTokenQuery.swift */ = {isa = PBXFileReference; lastKnownFileType = sourcecode.swift; path = DeviceTokenQuery.swift; sourceTree = "<group>"; };
		593883B627603B9B001D38FC /* DeletePushSubscriptionInteractor.swift */ = {isa = PBXFileReference; lastKnownFileType = sourcecode.swift; path = DeletePushSubscriptionInteractor.swift; sourceTree = "<group>"; };
		593883BE2761EBA9001D38FC /* LogLevel.swift */ = {isa = PBXFileReference; lastKnownFileType = sourcecode.swift; path = LogLevel.swift; sourceTree = "<group>"; };
		593883C12761F18D001D38FC /* GetUserPreferencesInteractor.swift */ = {isa = PBXFileReference; lastKnownFileType = sourcecode.swift; path = GetUserPreferencesInteractor.swift; sourceTree = "<group>"; };
		593883C32761F581001D38FC /* UpdateUserPreferencesInteractor.swift */ = {isa = PBXFileReference; lastKnownFileType = sourcecode.swift; path = UpdateUserPreferencesInteractor.swift; sourceTree = "<group>"; };
		593883C527620F45001D38FC /* UserPreferencesMapper.swift */ = {isa = PBXFileReference; lastKnownFileType = sourcecode.swift; path = UserPreferencesMapper.swift; sourceTree = "<group>"; };
		593883C727621037001D38FC /* UserPreferences.swift */ = {isa = PBXFileReference; lastKnownFileType = sourcecode.swift; path = UserPreferences.swift; sourceTree = "<group>"; };
		5953192D27561BA8006673E9 /* NotificationValidator.swift */ = {isa = PBXFileReference; lastKnownFileType = sourcecode.swift; path = NotificationValidator.swift; sourceTree = "<group>"; };
		595319312756249A006673E9 /* NotificationValidatorTests.swift */ = {isa = PBXFileReference; lastKnownFileType = sourcecode.swift; path = NotificationValidatorTests.swift; sourceTree = "<group>"; };
		59569B99274F752100FF1AA6 /* StorePage.swift */ = {isa = PBXFileReference; lastKnownFileType = sourcecode.swift; path = StorePage.swift; sourceTree = "<group>"; };
		59569BA4274F7B8A00FF1AA6 /* GraphQLRequest.swift */ = {isa = PBXFileReference; lastKnownFileType = sourcecode.swift; path = GraphQLRequest.swift; sourceTree = "<group>"; };
		59569BA7274F7CA300FF1AA6 /* StoresGraphQLDataSource.swift */ = {isa = PBXFileReference; lastKnownFileType = sourcecode.swift; path = StoresGraphQLDataSource.swift; sourceTree = "<group>"; };
		59569BAD274F82F100FF1AA6 /* StoreProvider.swift */ = {isa = PBXFileReference; lastKnownFileType = sourcecode.swift; path = StoreProvider.swift; sourceTree = "<group>"; };
		59569BAF274F838D00FF1AA6 /* StoreQuery.swift */ = {isa = PBXFileReference; lastKnownFileType = sourcecode.swift; path = StoreQuery.swift; sourceTree = "<group>"; };
		59569BB12750EEDF00FF1AA6 /* StoreGraphQLRepresentableExtensions.swift */ = {isa = PBXFileReference; lastKnownFileType = sourcecode.swift; path = StoreGraphQLRepresentableExtensions.swift; sourceTree = "<group>"; };
		59569BB42750FD8700FF1AA6 /* GetStorePagesInteractor.swift */ = {isa = PBXFileReference; lastKnownFileType = sourcecode.swift; path = GetStorePagesInteractor.swift; sourceTree = "<group>"; };
		595AC4C127710BF500A3DCA2 /* StorePageMotherObject.swift */ = {isa = PBXFileReference; lastKnownFileType = sourcecode.swift; path = StorePageMotherObject.swift; sourceTree = "<group>"; };
		595AC4C627710C7000A3DCA2 /* NotificationEdgeMotherObject.swift */ = {isa = PBXFileReference; lastKnownFileType = sourcecode.swift; path = NotificationEdgeMotherObject.swift; sourceTree = "<group>"; };
		595AC4CC27710DCD00A3DCA2 /* PageInfoMotherObject.swift */ = {isa = PBXFileReference; lastKnownFileType = sourcecode.swift; path = PageInfoMotherObject.swift; sourceTree = "<group>"; };
		595AC4D327715D8D00A3DCA2 /* InitialNotificationStoreCounts.swift */ = {isa = PBXFileReference; lastKnownFileType = sourcecode.swift; path = InitialNotificationStoreCounts.swift; sourceTree = "<group>"; };
		59799C4E27A20ADD0032C7D6 /* Ably.xcframework */ = {isa = PBXFileReference; lastKnownFileType = wrapper.xcframework; name = Ably.xcframework; path = Carthage/Build/Ably.xcframework; sourceTree = "<group>"; };
		59799C5227A20AE90032C7D6 /* AblyDeltaCodec.xcframework */ = {isa = PBXFileReference; lastKnownFileType = wrapper.xcframework; name = AblyDeltaCodec.xcframework; path = Carthage/Build/AblyDeltaCodec.xcframework; sourceTree = "<group>"; };
		59799C5527A20AF40032C7D6 /* msgpack.xcframework */ = {isa = PBXFileReference; lastKnownFileType = wrapper.xcframework; name = msgpack.xcframework; path = Carthage/Build/msgpack.xcframework; sourceTree = "<group>"; };
		59799C5827A20AFE0032C7D6 /* Harmony.xcframework */ = {isa = PBXFileReference; lastKnownFileType = wrapper.xcframework; name = Harmony.xcframework; path = Carthage/Build/Harmony.xcframework; sourceTree = "<group>"; };
		59799C5D27A285ED0032C7D6 /* AblyDeltaCodec.xcframework */ = {isa = PBXFileReference; lastKnownFileType = wrapper.xcframework; name = AblyDeltaCodec.xcframework; path = Example/Carthage/Build/AblyDeltaCodec.xcframework; sourceTree = "<group>"; };
		59799C6127A286510032C7D6 /* AblyDeltaCodec.framework */ = {isa = PBXFileReference; lastKnownFileType = wrapper.framework; name = AblyDeltaCodec.framework; path = "Example/Carthage/Build/AblyDeltaCodec.xcframework/ios-arm64_armv7/AblyDeltaCodec.framework"; sourceTree = "<group>"; };
		59799C6527A2866C0032C7D6 /* Ably.framework */ = {isa = PBXFileReference; lastKnownFileType = wrapper.framework; name = Ably.framework; path = "Example/Carthage/Build/Ably.xcframework/ios-arm64_armv7/Ably.framework"; sourceTree = "<group>"; };
		59799C6827A2867C0032C7D6 /* msgpack.framework */ = {isa = PBXFileReference; lastKnownFileType = wrapper.framework; name = msgpack.framework; path = "Example/Carthage/Build/msgpack.xcframework/ios-arm64_armv7/msgpack.framework"; sourceTree = "<group>"; };
		59799C6B27A286890032C7D6 /* Harmony.framework */ = {isa = PBXFileReference; lastKnownFileType = wrapper.framework; name = Harmony.framework; path = "Example/Carthage/Build/Harmony.xcframework/ios-arm64/Harmony.framework"; sourceTree = "<group>"; };
		59799E302746587000BFB375 /* MagicBellClient.swift */ = {isa = PBXFileReference; lastKnownFileType = sourcecode.swift; path = MagicBellClient.swift; sourceTree = "<group>"; };
		59799E32274658B100BFB375 /* SDKProvider.swift */ = {isa = PBXFileReference; lastKnownFileType = sourcecode.swift; path = SDKProvider.swift; sourceTree = "<group>"; };
		59799E37274659D800BFB375 /* Environment.swift */ = {isa = PBXFileReference; lastKnownFileType = sourcecode.swift; path = Environment.swift; sourceTree = "<group>"; };
		59799E3A27465A0E00BFB375 /* UserQuery.swift */ = {isa = PBXFileReference; lastKnownFileType = sourcecode.swift; path = UserQuery.swift; sourceTree = "<group>"; };
		59799E3D27465BB500BFB375 /* DataToDecodableMapper.swift */ = {isa = PBXFileReference; fileEncoding = 4; lastKnownFileType = sourcecode.swift; path = DataToDecodableMapper.swift; sourceTree = "<group>"; };
		59799E3E27465BB500BFB375 /* HttpClient.swift */ = {isa = PBXFileReference; fileEncoding = 4; lastKnownFileType = sourcecode.swift; path = HttpClient.swift; sourceTree = "<group>"; };
		59799E4327465C9200BFB375 /* String+HMAC.swift */ = {isa = PBXFileReference; fileEncoding = 4; lastKnownFileType = sourcecode.swift; path = "String+HMAC.swift"; sourceTree = "<group>"; };
		59799E4527465F8F00BFB375 /* ConfigProvider.swift */ = {isa = PBXFileReference; fileEncoding = 4; lastKnownFileType = sourcecode.swift; path = ConfigProvider.swift; sourceTree = "<group>"; };
		59799E502746604F00BFB375 /* ConfigNetworkDataSource.swift */ = {isa = PBXFileReference; fileEncoding = 4; lastKnownFileType = sourcecode.swift; path = ConfigNetworkDataSource.swift; sourceTree = "<group>"; };
		59799E522746604F00BFB375 /* Config.swift */ = {isa = PBXFileReference; fileEncoding = 4; lastKnownFileType = sourcecode.swift; path = Config.swift; sourceTree = "<group>"; };
		59799E592746609A00BFB375 /* NotificationNetworkDataSource.swift */ = {isa = PBXFileReference; fileEncoding = 4; lastKnownFileType = sourcecode.swift; path = NotificationNetworkDataSource.swift; sourceTree = "<group>"; };
		59799E5B2746609A00BFB375 /* Notification.swift */ = {isa = PBXFileReference; fileEncoding = 4; lastKnownFileType = sourcecode.swift; path = Notification.swift; sourceTree = "<group>"; };
		59799E5F274660AD00BFB375 /* UserPreferencesProvider.swift */ = {isa = PBXFileReference; fileEncoding = 4; lastKnownFileType = sourcecode.swift; path = UserPreferencesProvider.swift; sourceTree = "<group>"; };
		59799E62274660AD00BFB375 /* UserPreferencesNetworkDataSource.swift */ = {isa = PBXFileReference; fileEncoding = 4; lastKnownFileType = sourcecode.swift; path = UserPreferencesNetworkDataSource.swift; sourceTree = "<group>"; };
		59799E64274660AD00BFB375 /* UserPreferencesEntity.swift */ = {isa = PBXFileReference; fileEncoding = 4; lastKnownFileType = sourcecode.swift; path = UserPreferencesEntity.swift; sourceTree = "<group>"; };
		59799E68274662E900BFB375 /* NotificationProvider.swift */ = {isa = PBXFileReference; fileEncoding = 4; lastKnownFileType = sourcecode.swift; path = NotificationProvider.swift; sourceTree = "<group>"; };
		59799E6A274671A100BFB375 /* NetworkError.swift */ = {isa = PBXFileReference; lastKnownFileType = sourcecode.swift; path = NetworkError.swift; sourceTree = "<group>"; };
		59827B54275FD7C9009D93D8 /* AblyMessageProcessor.swift */ = {isa = PBXFileReference; lastKnownFileType = sourcecode.swift; path = AblyMessageProcessor.swift; sourceTree = "<group>"; };
		5988BBD92771D0C2009F4205 /* NotificationStoreRealTimeTests.swift */ = {isa = PBXFileReference; lastKnownFileType = sourcecode.swift; path = NotificationStoreRealTimeTests.swift; sourceTree = "<group>"; };
		5988BBDD2771F057009F4205 /* ContentObserverMock.swift */ = {isa = PBXFileReference; lastKnownFileType = sourcecode.swift; path = ContentObserverMock.swift; sourceTree = "<group>"; };
		5988BBDF2771F061009F4205 /* CountObserverMock.swift */ = {isa = PBXFileReference; lastKnownFileType = sourcecode.swift; path = CountObserverMock.swift; sourceTree = "<group>"; };
		5997F8E827709A8D00DED4E4 /* ActionNotificationMockInteractor.swift */ = {isa = PBXFileReference; lastKnownFileType = sourcecode.swift; path = ActionNotificationMockInteractor.swift; sourceTree = "<group>"; };
		5997F8EA27709E6A00DED4E4 /* DeleteNotificationMockInteractor.swift */ = {isa = PBXFileReference; lastKnownFileType = sourcecode.swift; path = DeleteNotificationMockInteractor.swift; sourceTree = "<group>"; };
		5997F8EE2770A3E600DED4E4 /* StoreRealTimeMock.swift */ = {isa = PBXFileReference; lastKnownFileType = sourcecode.swift; path = StoreRealTimeMock.swift; sourceTree = "<group>"; };
		5997F8F12770A88600DED4E4 /* NotificationStoreTests.swift */ = {isa = PBXFileReference; lastKnownFileType = sourcecode.swift; path = NotificationStoreTests.swift; sourceTree = "<group>"; };
		5997F8F42770EA9F00DED4E4 /* GetConfigMockInteractor.swift */ = {isa = PBXFileReference; lastKnownFileType = sourcecode.swift; path = GetConfigMockInteractor.swift; sourceTree = "<group>"; };
		5997F8F62770ED4C00DED4E4 /* DeleteConfigMockInteractor.swift */ = {isa = PBXFileReference; lastKnownFileType = sourcecode.swift; path = DeleteConfigMockInteractor.swift; sourceTree = "<group>"; };
		5997F8FA2770F42800DED4E4 /* NotificationMotherObject.swift */ = {isa = PBXFileReference; lastKnownFileType = sourcecode.swift; path = NotificationMotherObject.swift; sourceTree = "<group>"; };
		59B2DDA2276959AC0038B0EA /* UserPreferencesDirector.swift */ = {isa = PBXFileReference; lastKnownFileType = sourcecode.swift; path = UserPreferencesDirector.swift; sourceTree = "<group>"; };
		59B2DDA62769682C0038B0EA /* PushSubscriptionDirector.swift */ = {isa = PBXFileReference; lastKnownFileType = sourcecode.swift; path = PushSubscriptionDirector.swift; sourceTree = "<group>"; };
		59B2DDAB276AB4490038B0EA /* String+Data.swift */ = {isa = PBXFileReference; lastKnownFileType = sourcecode.swift; path = "String+Data.swift"; sourceTree = "<group>"; };
		59B2DDAD276B5C4C0038B0EA /* CodingKey+JSON.swift */ = {isa = PBXFileReference; lastKnownFileType = sourcecode.swift; path = "CodingKey+JSON.swift"; sourceTree = "<group>"; };
		59C12ECB2746DBC200311D24 /* PushSubscriptionNetworkDataSource.swift */ = {isa = PBXFileReference; lastKnownFileType = sourcecode.swift; path = PushSubscriptionNetworkDataSource.swift; sourceTree = "<group>"; };
		59C12ECE2746DC7100311D24 /* PushSubscription.swift */ = {isa = PBXFileReference; lastKnownFileType = sourcecode.swift; path = PushSubscription.swift; sourceTree = "<group>"; };
		59C12ED02746E48100311D24 /* PushSubscriptionProvider.swift */ = {isa = PBXFileReference; lastKnownFileType = sourcecode.swift; path = PushSubscriptionProvider.swift; sourceTree = "<group>"; };
		59C12ED32747131000311D24 /* MappingError.swift */ = {isa = PBXFileReference; lastKnownFileType = sourcecode.swift; path = MappingError.swift; sourceTree = "<group>"; };
		59C3CDBB274D039D0043BA77 /* MagicBellError.swift */ = {isa = PBXFileReference; lastKnownFileType = sourcecode.swift; path = MagicBellError.swift; sourceTree = "<group>"; };
		59C3CDBF274D2CC20043BA77 /* GetConfigInteractor.swift */ = {isa = PBXFileReference; lastKnownFileType = sourcecode.swift; path = GetConfigInteractor.swift; sourceTree = "<group>"; };
		59C3CDC1274D2F220043BA77 /* EncodableToDataMapper.swift */ = {isa = PBXFileReference; lastKnownFileType = sourcecode.swift; path = EncodableToDataMapper.swift; sourceTree = "<group>"; };
		59C3CDC3274D36360043BA77 /* DeleteConfigInteractor.swift */ = {isa = PBXFileReference; lastKnownFileType = sourcecode.swift; path = DeleteConfigInteractor.swift; sourceTree = "<group>"; };
		59C3CDC5274D4ED40043BA77 /* ErrorEntity.swift */ = {isa = PBXFileReference; lastKnownFileType = sourcecode.swift; path = ErrorEntity.swift; sourceTree = "<group>"; };
		59CA80BB277A19A50024673C /* NotificationStoreCombine.swift */ = {isa = PBXFileReference; lastKnownFileType = sourcecode.swift; path = NotificationStoreCombine.swift; sourceTree = "<group>"; };
		59CA80BD277A2E310024673C /* NotificationStoreCombineTests.swift */ = {isa = PBXFileReference; lastKnownFileType = sourcecode.swift; path = NotificationStoreCombineTests.swift; sourceTree = "<group>"; };
		59CFBD4E2770956000F1843C /* FetchStorePageMockInteractor.swift */ = {isa = PBXFileReference; lastKnownFileType = sourcecode.swift; path = FetchStorePageMockInteractor.swift; sourceTree = "<group>"; };
		59E92012275400F500D8877A /* NotificationStore.swift */ = {isa = PBXFileReference; lastKnownFileType = sourcecode.swift; path = NotificationStore.swift; sourceTree = "<group>"; };
		59EF99B127446D6900FB2378 /* MagicBell.framework */ = {isa = PBXFileReference; explicitFileType = wrapper.framework; includeInIndex = 0; path = MagicBell.framework; sourceTree = BUILT_PRODUCTS_DIR; };
		59EF99BB27446D6900FB2378 /* MagicBellTests.xctest */ = {isa = PBXFileReference; explicitFileType = wrapper.cfbundle; includeInIndex = 0; path = MagicBellTests.xctest; sourceTree = BUILT_PRODUCTS_DIR; };
		59EF99C027446D6900FB2378 /* MagicBellTests.swift */ = {isa = PBXFileReference; lastKnownFileType = sourcecode.swift; path = MagicBellTests.swift; sourceTree = "<group>"; };
		59EF9AC42744710300FB2378 /* MagicBell.podspec */ = {isa = PBXFileReference; lastKnownFileType = text; path = MagicBell.podspec; sourceTree = "<group>"; xcLanguageSpecificationIdentifier = xcode.lang.ruby; };
		59EF9ACA2744792A00FB2378 /* LICENSE */ = {isa = PBXFileReference; lastKnownFileType = text; path = LICENSE; sourceTree = "<group>"; };
		59F4596A2758C39F008F3BC8 /* FetchStorePageInteractor.swift */ = {isa = PBXFileReference; lastKnownFileType = sourcecode.swift; path = FetchStorePageInteractor.swift; sourceTree = "<group>"; };
		59F4596D2758C739008F3BC8 /* ActionNotificationInteractor.swift */ = {isa = PBXFileReference; lastKnownFileType = sourcecode.swift; path = ActionNotificationInteractor.swift; sourceTree = "<group>"; };
		59F4596F2758CC25008F3BC8 /* DeleteNotificationInteractor.swift */ = {isa = PBXFileReference; lastKnownFileType = sourcecode.swift; path = DeleteNotificationInteractor.swift; sourceTree = "<group>"; };
		59F459712758D0DB008F3BC8 /* GetNotificationInteractor.swift */ = {isa = PBXFileReference; lastKnownFileType = sourcecode.swift; path = GetNotificationInteractor.swift; sourceTree = "<group>"; };
		59F4597427597FF7008F3BC8 /* AblyConnector.swift */ = {isa = PBXFileReference; lastKnownFileType = sourcecode.swift; path = AblyConnector.swift; sourceTree = "<group>"; };
		59F45978275A434A008F3BC8 /* StoreRealTimeProvider.swift */ = {isa = PBXFileReference; lastKnownFileType = sourcecode.swift; path = StoreRealTimeProvider.swift; sourceTree = "<group>"; };
		59F4597A275A48AD008F3BC8 /* StoreRealTime.swift */ = {isa = PBXFileReference; lastKnownFileType = sourcecode.swift; path = StoreRealTime.swift; sourceTree = "<group>"; };
		D27CF1B927906FDD00897BCB /* User.swift */ = {isa = PBXFileReference; fileEncoding = 4; lastKnownFileType = sourcecode.swift; path = User.swift; sourceTree = "<group>"; };
		D28CEE9627956FCB001242C2 /* README.md */ = {isa = PBXFileReference; lastKnownFileType = net.daringfireball.markdown; path = README.md; sourceTree = "<group>"; };
		D29D249127747DA000726ABD /* NotificationStorePublisher.swift */ = {isa = PBXFileReference; lastKnownFileType = sourcecode.swift; path = NotificationStorePublisher.swift; sourceTree = "<group>"; };
		D2C5A1AF2768C25500C20D74 /* StoreDirector.swift */ = {isa = PBXFileReference; lastKnownFileType = sourcecode.swift; path = StoreDirector.swift; sourceTree = "<group>"; };
		D2CBA51F275121C2002F1E44 /* NotificationFragment.graphql */ = {isa = PBXFileReference; lastKnownFileType = text; path = NotificationFragment.graphql; sourceTree = "<group>"; };
		D2CBA52127512462002F1E44 /* PageInfo.swift */ = {isa = PBXFileReference; lastKnownFileType = sourcecode.swift; path = PageInfo.swift; sourceTree = "<group>"; };
		D2CBA52327512499002F1E44 /* Edge.swift */ = {isa = PBXFileReference; lastKnownFileType = sourcecode.swift; path = Edge.swift; sourceTree = "<group>"; };
		D2CBA52627512518002F1E44 /* CursorPredicate.swift */ = {isa = PBXFileReference; lastKnownFileType = sourcecode.swift; path = CursorPredicate.swift; sourceTree = "<group>"; };
		D2CBA528275125B3002F1E44 /* GraphQLRepresentable.swift */ = {isa = PBXFileReference; lastKnownFileType = sourcecode.swift; path = GraphQLRepresentable.swift; sourceTree = "<group>"; };
		D2CBA52C27512642002F1E44 /* GraphQLResponse.swift */ = {isa = PBXFileReference; lastKnownFileType = sourcecode.swift; path = GraphQLResponse.swift; sourceTree = "<group>"; };
		D2CBA52E275128FA002F1E44 /* StorePredicate.swift */ = {isa = PBXFileReference; lastKnownFileType = sourcecode.swift; path = StorePredicate.swift; sourceTree = "<group>"; };
		D2CBA53027513747002F1E44 /* StoreContext.swift */ = {isa = PBXFileReference; lastKnownFileType = sourcecode.swift; path = StoreContext.swift; sourceTree = "<group>"; };
		D2CBA53227513D6A002F1E44 /* GraphQLFragment.swift */ = {isa = PBXFileReference; lastKnownFileType = sourcecode.swift; path = GraphQLFragment.swift; sourceTree = "<group>"; };
		D2D277252747C9CF00B5F69E /* ActionNotificationNetworkDataSource.swift */ = {isa = PBXFileReference; lastKnownFileType = sourcecode.swift; path = ActionNotificationNetworkDataSource.swift; sourceTree = "<group>"; };
		D2D277282747D40A00B5F69E /* NotificationQuery.swift */ = {isa = PBXFileReference; lastKnownFileType = sourcecode.swift; path = NotificationQuery.swift; sourceTree = "<group>"; };
		D2D2772A2747D43200B5F69E /* PushSubscriptionQuery.swift */ = {isa = PBXFileReference; lastKnownFileType = sourcecode.swift; path = PushSubscriptionQuery.swift; sourceTree = "<group>"; };
		D2E038272767943F0077FFF3 /* NotificationStoreObserver.swift */ = {isa = PBXFileReference; lastKnownFileType = sourcecode.swift; path = NotificationStoreObserver.swift; sourceTree = "<group>"; };
/* End PBXFileReference section */

/* Begin PBXFrameworksBuildPhase section */
		59EF99AE27446D6900FB2378 /* Frameworks */ = {
			isa = PBXFrameworksBuildPhase;
			buildActionMask = 2147483647;
			files = (
				5970B59F27A290430061835E /* msgpack.xcframework in Frameworks */,
				5970B59D27A290430061835E /* Harmony.xcframework in Frameworks */,
				5970B59927A290430061835E /* Ably.xcframework in Frameworks */,
				5970B59B27A290430061835E /* AblyDeltaCodec.xcframework in Frameworks */,
			);
			runOnlyForDeploymentPostprocessing = 0;
		};
		59EF99B827446D6900FB2378 /* Frameworks */ = {
			isa = PBXFrameworksBuildPhase;
			buildActionMask = 2147483647;
			files = (
				59EF99BC27446D6900FB2378 /* MagicBell.framework in Frameworks */,
			);
			runOnlyForDeploymentPostprocessing = 0;
		};
/* End PBXFrameworksBuildPhase section */

/* Begin PBXGroup section */
		593883AE27602EA1001D38FC /* Interactor */ = {
			isa = PBXGroup;
			children = (
				593883AF27603023001D38FC /* SendPushSubscriptionInteractor.swift */,
				593883B627603B9B001D38FC /* DeletePushSubscriptionInteractor.swift */,
			);
			path = Interactor;
			sourceTree = "<group>";
		};
		593883BD2761EB9E001D38FC /* Logger */ = {
			isa = PBXGroup;
			children = (
				593883BE2761EBA9001D38FC /* LogLevel.swift */,
			);
			path = Logger;
			sourceTree = "<group>";
		};
		593883C02761F16A001D38FC /* Interactor */ = {
			isa = PBXGroup;
			children = (
				593883C12761F18D001D38FC /* GetUserPreferencesInteractor.swift */,
				593883C32761F581001D38FC /* UpdateUserPreferencesInteractor.swift */,
			);
			path = Interactor;
			sourceTree = "<group>";
		};
		59569BA9274F7DE400FF1AA6 /* Store */ = {
			isa = PBXGroup;
			children = (
				59569BAD274F82F100FF1AA6 /* StoreProvider.swift */,
				59569B99274F752100FF1AA6 /* StorePage.swift */,
				D2CBA52E275128FA002F1E44 /* StorePredicate.swift */,
				5953192D27561BA8006673E9 /* NotificationValidator.swift */,
				D2CBA53027513747002F1E44 /* StoreContext.swift */,
				59E92012275400F500D8877A /* NotificationStore.swift */,
				D29D249127747DA000726ABD /* NotificationStorePublisher.swift */,
				59CA80BB277A19A50024673C /* NotificationStoreCombine.swift */,
				D2E038272767943F0077FFF3 /* NotificationStoreObserver.swift */,
				D2C5A1AF2768C25500C20D74 /* StoreDirector.swift */,
				59569BB32750FCFB00FF1AA6 /* Interactor */,
				59569BAA274F7FBB00FF1AA6 /* Data */,
			);
			path = Store;
			sourceTree = "<group>";
		};
		59569BAA274F7FBB00FF1AA6 /* Data */ = {
			isa = PBXGroup;
			children = (
				59569BAF274F838D00FF1AA6 /* StoreQuery.swift */,
				59569BB12750EEDF00FF1AA6 /* StoreGraphQLRepresentableExtensions.swift */,
				59569BA7274F7CA300FF1AA6 /* StoresGraphQLDataSource.swift */,
				D2CBA51F275121C2002F1E44 /* NotificationFragment.graphql */,
			);
			path = Data;
			sourceTree = "<group>";
		};
		59569BB32750FCFB00FF1AA6 /* Interactor */ = {
			isa = PBXGroup;
			children = (
				59569BB42750FD8700FF1AA6 /* GetStorePagesInteractor.swift */,
				59F4596A2758C39F008F3BC8 /* FetchStorePageInteractor.swift */,
			);
			path = Interactor;
			sourceTree = "<group>";
		};
		595AC4C027710BE200A3DCA2 /* Mother Object */ = {
			isa = PBXGroup;
			children = (
				595AC4C127710BF500A3DCA2 /* StorePageMotherObject.swift */,
			);
			path = "Mother Object";
			sourceTree = "<group>";
		};
		595AC4C927710D9700A3DCA2 /* Common */ = {
			isa = PBXGroup;
			children = (
				595AC4CA27710D9B00A3DCA2 /* Network */,
			);
			path = Common;
			sourceTree = "<group>";
		};
		595AC4CA27710D9B00A3DCA2 /* Network */ = {
			isa = PBXGroup;
			children = (
				595AC4CB27710DA100A3DCA2 /* GraphQL */,
			);
			path = Network;
			sourceTree = "<group>";
		};
		595AC4CB27710DA100A3DCA2 /* GraphQL */ = {
			isa = PBXGroup;
			children = (
				595AC4C627710C7000A3DCA2 /* NotificationEdgeMotherObject.swift */,
				595AC4CC27710DCD00A3DCA2 /* PageInfoMotherObject.swift */,
			);
			path = GraphQL;
			sourceTree = "<group>";
		};
		595AC4D227715D7D00A3DCA2 /* Utils */ = {
			isa = PBXGroup;
			children = (
				595AC4D327715D8D00A3DCA2 /* InitialNotificationStoreCounts.swift */,
			);
			path = Utils;
			sourceTree = "<group>";
		};
		59799C4D27A20ADD0032C7D6 /* Frameworks */ = {
			isa = PBXGroup;
			children = (
				59799C6B27A286890032C7D6 /* Harmony.framework */,
				59799C6827A2867C0032C7D6 /* msgpack.framework */,
				59799C6527A2866C0032C7D6 /* Ably.framework */,
				59799C6127A286510032C7D6 /* AblyDeltaCodec.framework */,
				59799C5D27A285ED0032C7D6 /* AblyDeltaCodec.xcframework */,
				59799C5827A20AFE0032C7D6 /* Harmony.xcframework */,
				59799C5527A20AF40032C7D6 /* msgpack.xcframework */,
				59799C5227A20AE90032C7D6 /* AblyDeltaCodec.xcframework */,
				59799C4E27A20ADD0032C7D6 /* Ably.xcframework */,
			);
			name = Frameworks;
			sourceTree = "<group>";
		};
		59799E2F2746583200BFB375 /* Config */ = {
			isa = PBXGroup;
			children = (
				59799E522746604F00BFB375 /* Config.swift */,
				59799E4527465F8F00BFB375 /* ConfigProvider.swift */,
				D2153EF2274E78B1009C2DDC /* Interactor */,
				59799E4E2746604F00BFB375 /* Data */,
			);
			path = Config;
			sourceTree = "<group>";
		};
		59799E34274659B100BFB375 /* Features */ = {
			isa = PBXGroup;
			children = (
				59F4597327597FEA008F3BC8 /* StoreRealTime */,
				59569BA9274F7DE400FF1AA6 /* Store */,
				59799E2F2746583200BFB375 /* Config */,
				59799E562746609A00BFB375 /* Notification */,
				59799E5E274660AD00BFB375 /* UserPreferences */,
				59C12EC82746DB9800311D24 /* PushSubscription */,
			);
			path = Features;
			sourceTree = "<group>";
		};
		59799E35274659B900BFB375 /* Common */ = {
			isa = PBXGroup;
			children = (
				59B2DDAA276AB43B0038B0EA /* Extension */,
				593883BD2761EB9E001D38FC /* Logger */,
				59C12ED2274712F200311D24 /* Error */,
				59799E3C27465B8800BFB375 /* Network */,
				59799E39274659FB00BFB375 /* Query */,
				59799E36274659C700BFB375 /* Environment */,
			);
			path = Common;
			sourceTree = "<group>";
		};
		59799E36274659C700BFB375 /* Environment */ = {
			isa = PBXGroup;
			children = (
				59799E37274659D800BFB375 /* Environment.swift */,
			);
			path = Environment;
			sourceTree = "<group>";
		};
		59799E39274659FB00BFB375 /* Query */ = {
			isa = PBXGroup;
			children = (
				59799E3A27465A0E00BFB375 /* UserQuery.swift */,
			);
			path = Query;
			sourceTree = "<group>";
		};
		59799E3C27465B8800BFB375 /* Network */ = {
			isa = PBXGroup;
			children = (
				59799E3E27465BB500BFB375 /* HttpClient.swift */,
				59799E3D27465BB500BFB375 /* DataToDecodableMapper.swift */,
				59799E4327465C9200BFB375 /* String+HMAC.swift */,
				59C3CDC1274D2F220043BA77 /* EncodableToDataMapper.swift */,
				D2CBA525275124F3002F1E44 /* GraphQL */,
			);
			path = Network;
			sourceTree = "<group>";
		};
		59799E4E2746604F00BFB375 /* Data */ = {
			isa = PBXGroup;
			children = (
				59799E502746604F00BFB375 /* ConfigNetworkDataSource.swift */,
			);
			path = Data;
			sourceTree = "<group>";
		};
		59799E562746609A00BFB375 /* Notification */ = {
			isa = PBXGroup;
			children = (
				59799E5B2746609A00BFB375 /* Notification.swift */,
				59799E68274662E900BFB375 /* NotificationProvider.swift */,
				59F4596C2758C72B008F3BC8 /* Interactor */,
				59799E572746609A00BFB375 /* Data */,
			);
			path = Notification;
			sourceTree = "<group>";
		};
		59799E572746609A00BFB375 /* Data */ = {
			isa = PBXGroup;
			children = (
				D2D277282747D40A00B5F69E /* NotificationQuery.swift */,
				59799E592746609A00BFB375 /* NotificationNetworkDataSource.swift */,
				D2D277252747C9CF00B5F69E /* ActionNotificationNetworkDataSource.swift */,
			);
			path = Data;
			sourceTree = "<group>";
		};
		59799E5E274660AD00BFB375 /* UserPreferences */ = {
			isa = PBXGroup;
			children = (
				59799E5F274660AD00BFB375 /* UserPreferencesProvider.swift */,
				593883C527620F45001D38FC /* UserPreferencesMapper.swift */,
				593883C727621037001D38FC /* UserPreferences.swift */,
				59B2DDA2276959AC0038B0EA /* UserPreferencesDirector.swift */,
				593883C02761F16A001D38FC /* Interactor */,
				59799E60274660AD00BFB375 /* Data */,
			);
			path = UserPreferences;
			sourceTree = "<group>";
		};
		59799E60274660AD00BFB375 /* Data */ = {
			isa = PBXGroup;
			children = (
				59799E64274660AD00BFB375 /* UserPreferencesEntity.swift */,
				59799E62274660AD00BFB375 /* UserPreferencesNetworkDataSource.swift */,
			);
			path = Data;
			sourceTree = "<group>";
		};
		5988BBDC2771F048009F4205 /* Utils */ = {
			isa = PBXGroup;
			children = (
				5988BBDD2771F057009F4205 /* ContentObserverMock.swift */,
				5988BBDF2771F061009F4205 /* CountObserverMock.swift */,
			);
			path = Utils;
			sourceTree = "<group>";
		};
		5997F8EC2770A3C800DED4E4 /* StoreRealTime */ = {
			isa = PBXGroup;
			children = (
				5997F8ED2770A3D400DED4E4 /* Mock */,
			);
			path = StoreRealTime;
			sourceTree = "<group>";
		};
		5997F8ED2770A3D400DED4E4 /* Mock */ = {
			isa = PBXGroup;
			children = (
				5997F8EE2770A3E600DED4E4 /* StoreRealTimeMock.swift */,
			);
			path = Mock;
			sourceTree = "<group>";
		};
		5997F8F32770EA8800DED4E4 /* Config */ = {
			isa = PBXGroup;
			children = (
				5997F8F42770EA9F00DED4E4 /* GetConfigMockInteractor.swift */,
				5997F8F62770ED4C00DED4E4 /* DeleteConfigMockInteractor.swift */,
			);
			path = Config;
			sourceTree = "<group>";
		};
		5997F8F82770F29700DED4E4 /* Notification */ = {
			isa = PBXGroup;
			children = (
				5988BBDC2771F048009F4205 /* Utils */,
				5997F8FA2770F42800DED4E4 /* NotificationMotherObject.swift */,
			);
			path = Notification;
			sourceTree = "<group>";
		};
		59B2DDAA276AB43B0038B0EA /* Extension */ = {
			isa = PBXGroup;
			children = (
				59B2DDAB276AB4490038B0EA /* String+Data.swift */,
				59B2DDAD276B5C4C0038B0EA /* CodingKey+JSON.swift */,
			);
			path = Extension;
			sourceTree = "<group>";
		};
		59C12EC82746DB9800311D24 /* PushSubscription */ = {
			isa = PBXGroup;
			children = (
				59C12ECE2746DC7100311D24 /* PushSubscription.swift */,
				59C12ED02746E48100311D24 /* PushSubscriptionProvider.swift */,
				593883AE27602EA1001D38FC /* Interactor */,
				59C12EC92746DBAF00311D24 /* Data */,
				59B2DDA62769682C0038B0EA /* PushSubscriptionDirector.swift */,
			);
			path = PushSubscription;
			sourceTree = "<group>";
		};
		59C12EC92746DBAF00311D24 /* Data */ = {
			isa = PBXGroup;
			children = (
				D2D2772A2747D43200B5F69E /* PushSubscriptionQuery.swift */,
				59C12ECB2746DBC200311D24 /* PushSubscriptionNetworkDataSource.swift */,
				593883B1276036BC001D38FC /* DeviceTokenQuery.swift */,
			);
			path = Data;
			sourceTree = "<group>";
		};
		59C12ED2274712F200311D24 /* Error */ = {
			isa = PBXGroup;
			children = (
				59799E6A274671A100BFB375 /* NetworkError.swift */,
				59C12ED32747131000311D24 /* MappingError.swift */,
				59C3CDBB274D039D0043BA77 /* MagicBellError.swift */,
				59C3CDC5274D4ED40043BA77 /* ErrorEntity.swift */,
			);
			path = Error;
			sourceTree = "<group>";
		};
		59CFBD4B277093DA00F1843C /* Features */ = {
			isa = PBXGroup;
			children = (
				5997F8F82770F29700DED4E4 /* Notification */,
				5997F8F32770EA8800DED4E4 /* Config */,
				5997F8EC2770A3C800DED4E4 /* StoreRealTime */,
				59CFBD4C277093E200F1843C /* Store */,
			);
			path = Features;
			sourceTree = "<group>";
		};
		59CFBD4C277093E200F1843C /* Store */ = {
			isa = PBXGroup;
			children = (
				595AC4D227715D7D00A3DCA2 /* Utils */,
				595AC4C027710BE200A3DCA2 /* Mother Object */,
				59CFBD4D2770954D00F1843C /* Mock */,
				595319312756249A006673E9 /* NotificationValidatorTests.swift */,
				5997F8F12770A88600DED4E4 /* NotificationStoreTests.swift */,
				5988BBD92771D0C2009F4205 /* NotificationStoreRealTimeTests.swift */,
				59CA80BD277A2E310024673C /* NotificationStoreCombineTests.swift */,
			);
			path = Store;
			sourceTree = "<group>";
		};
		59CFBD4D2770954D00F1843C /* Mock */ = {
			isa = PBXGroup;
			children = (
				59CFBD4E2770956000F1843C /* FetchStorePageMockInteractor.swift */,
				5997F8E827709A8D00DED4E4 /* ActionNotificationMockInteractor.swift */,
				5997F8EA27709E6A00DED4E4 /* DeleteNotificationMockInteractor.swift */,
			);
			path = Mock;
			sourceTree = "<group>";
		};
		59EF99A727446D6900FB2378 = {
			isa = PBXGroup;
			children = (
				59EF9AC9274477CD00FB2378 /* Deployment */,
				59EF9AC6274471A500FB2378 /* Source */,
				59EF99BF27446D6900FB2378 /* Tests */,
				59EF99B227446D6900FB2378 /* Products */,
				B6A4AD0160030AF76A38354D /* Pods */,
				59799C4D27A20ADD0032C7D6 /* Frameworks */,
			);
			sourceTree = "<group>";
		};
		59EF99B227446D6900FB2378 /* Products */ = {
			isa = PBXGroup;
			children = (
				59EF99B127446D6900FB2378 /* MagicBell.framework */,
				59EF99BB27446D6900FB2378 /* MagicBellTests.xctest */,
			);
			name = Products;
			sourceTree = "<group>";
		};
		59EF99BF27446D6900FB2378 /* Tests */ = {
			isa = PBXGroup;
			children = (
				595AC4C927710D9700A3DCA2 /* Common */,
				59CFBD4B277093DA00F1843C /* Features */,
				59EF99C027446D6900FB2378 /* MagicBellTests.swift */,
			);
			path = Tests;
			sourceTree = "<group>";
		};
		59EF9AC6274471A500FB2378 /* Source */ = {
			isa = PBXGroup;
			children = (
				59799E302746587000BFB375 /* MagicBellClient.swift */,
				D27CF1B927906FDD00897BCB /* User.swift */,
				59799E32274658B100BFB375 /* SDKProvider.swift */,
				59799E35274659B900BFB375 /* Common */,
				59799E34274659B100BFB375 /* Features */,
			);
			path = Source;
			sourceTree = "<group>";
		};
		59EF9AC9274477CD00FB2378 /* Deployment */ = {
			isa = PBXGroup;
			children = (
				59EF9AC42744710300FB2378 /* MagicBell.podspec */,
				59EF9ACA2744792A00FB2378 /* LICENSE */,
				D28CEE9627956FCB001242C2 /* README.md */,
			);
			name = Deployment;
			sourceTree = "<group>";
		};
		59F4596C2758C72B008F3BC8 /* Interactor */ = {
			isa = PBXGroup;
			children = (
				59F4596D2758C739008F3BC8 /* ActionNotificationInteractor.swift */,
				59F4596F2758CC25008F3BC8 /* DeleteNotificationInteractor.swift */,
				59F459712758D0DB008F3BC8 /* GetNotificationInteractor.swift */,
			);
			path = Interactor;
			sourceTree = "<group>";
		};
		59F4597327597FEA008F3BC8 /* StoreRealTime */ = {
			isa = PBXGroup;
			children = (
				59F45978275A434A008F3BC8 /* StoreRealTimeProvider.swift */,
				59F4597A275A48AD008F3BC8 /* StoreRealTime.swift */,
				59F4597427597FF7008F3BC8 /* AblyConnector.swift */,
				59827B54275FD7C9009D93D8 /* AblyMessageProcessor.swift */,
			);
			path = StoreRealTime;
			sourceTree = "<group>";
		};
		B6A4AD0160030AF76A38354D /* Pods */ = {
			isa = PBXGroup;
			children = (
			);
			path = Pods;
			sourceTree = "<group>";
		};
		D2153EF2274E78B1009C2DDC /* Interactor */ = {
			isa = PBXGroup;
			children = (
				59C3CDBF274D2CC20043BA77 /* GetConfigInteractor.swift */,
				59C3CDC3274D36360043BA77 /* DeleteConfigInteractor.swift */,
			);
			path = Interactor;
			sourceTree = "<group>";
		};
		D2CBA525275124F3002F1E44 /* GraphQL */ = {
			isa = PBXGroup;
			children = (
				D2CBA528275125B3002F1E44 /* GraphQLRepresentable.swift */,
				D2CBA52127512462002F1E44 /* PageInfo.swift */,
				D2CBA52327512499002F1E44 /* Edge.swift */,
				D2CBA52627512518002F1E44 /* CursorPredicate.swift */,
				59569BA4274F7B8A00FF1AA6 /* GraphQLRequest.swift */,
				D2CBA52C27512642002F1E44 /* GraphQLResponse.swift */,
				D2CBA53227513D6A002F1E44 /* GraphQLFragment.swift */,
			);
			path = GraphQL;
			sourceTree = "<group>";
		};
/* End PBXGroup section */

/* Begin PBXHeadersBuildPhase section */
		59EF99AC27446D6900FB2378 /* Headers */ = {
			isa = PBXHeadersBuildPhase;
			buildActionMask = 2147483647;
			files = (
			);
			runOnlyForDeploymentPostprocessing = 0;
		};
/* End PBXHeadersBuildPhase section */

/* Begin PBXNativeTarget section */
		59EF99B027446D6900FB2378 /* MagicBell */ = {
			isa = PBXNativeTarget;
			buildConfigurationList = 59EF99C527446D6900FB2378 /* Build configuration list for PBXNativeTarget "MagicBell" */;
			buildPhases = (
				59EF99AC27446D6900FB2378 /* Headers */,
				59EF99AD27446D6900FB2378 /* Sources */,
				59EF99AE27446D6900FB2378 /* Frameworks */,
				59EF99AF27446D6900FB2378 /* Resources */,
				5970B5A127A290430061835E /* Embed Frameworks */,
			);
			buildRules = (
			);
			dependencies = (
			);
			name = MagicBell;
			productName = MagicBell;
			productReference = 59EF99B127446D6900FB2378 /* MagicBell.framework */;
			productType = "com.apple.product-type.framework";
		};
		59EF99BA27446D6900FB2378 /* MagicBellTests */ = {
			isa = PBXNativeTarget;
			buildConfigurationList = 59EF99C827446D6900FB2378 /* Build configuration list for PBXNativeTarget "MagicBellTests" */;
			buildPhases = (
				59EF99B727446D6900FB2378 /* Sources */,
				59EF99B827446D6900FB2378 /* Frameworks */,
				59EF99B927446D6900FB2378 /* Resources */,
			);
			buildRules = (
			);
			dependencies = (
				59EF99BE27446D6900FB2378 /* PBXTargetDependency */,
			);
			name = MagicBellTests;
			productName = MagicBellTests;
			productReference = 59EF99BB27446D6900FB2378 /* MagicBellTests.xctest */;
			productType = "com.apple.product-type.bundle.unit-test";
		};
/* End PBXNativeTarget section */

/* Begin PBXProject section */
		59EF99A827446D6900FB2378 /* Project object */ = {
			isa = PBXProject;
			attributes = {
				BuildIndependentTargetsInParallel = 1;
				LastSwiftUpdateCheck = 1310;
				LastUpgradeCheck = 1310;
				TargetAttributes = {
					59EF99B027446D6900FB2378 = {
						CreatedOnToolsVersion = 13.1;
					};
					59EF99BA27446D6900FB2378 = {
						CreatedOnToolsVersion = 13.1;
					};
				};
			};
			buildConfigurationList = 59EF99AB27446D6900FB2378 /* Build configuration list for PBXProject "MagicBell" */;
			compatibilityVersion = "Xcode 13.0";
			developmentRegion = en;
			hasScannedForEncodings = 0;
			knownRegions = (
				en,
				Base,
			);
			mainGroup = 59EF99A727446D6900FB2378;
			productRefGroup = 59EF99B227446D6900FB2378 /* Products */;
			projectDirPath = "";
			projectRoot = "";
			targets = (
				59EF99B027446D6900FB2378 /* MagicBell */,
				59EF99BA27446D6900FB2378 /* MagicBellTests */,
			);
		};
/* End PBXProject section */

/* Begin PBXResourcesBuildPhase section */
		59EF99AF27446D6900FB2378 /* Resources */ = {
			isa = PBXResourcesBuildPhase;
			buildActionMask = 2147483647;
			files = (
				59EF9ACB2744792A00FB2378 /* LICENSE in Resources */,
				59EF9AC52744710300FB2378 /* MagicBell.podspec in Resources */,
			);
			runOnlyForDeploymentPostprocessing = 0;
		};
		59EF99B927446D6900FB2378 /* Resources */ = {
			isa = PBXResourcesBuildPhase;
			buildActionMask = 2147483647;
			files = (
				59799C4C27A203550032C7D6 /* NotificationFragment.graphql in Resources */,
			);
			runOnlyForDeploymentPostprocessing = 0;
		};
/* End PBXResourcesBuildPhase section */

/* Begin PBXSourcesBuildPhase section */
		59EF99AD27446D6900FB2378 /* Sources */ = {
			isa = PBXSourcesBuildPhase;
			buildActionMask = 2147483647;
			files = (
				59569BA5274F7B8A00FF1AA6 /* GraphQLRequest.swift in Sources */,
				59827B55275FD7C9009D93D8 /* AblyMessageProcessor.swift in Sources */,
				D2CBA520275121C2002F1E44 /* NotificationFragment.graphql in Sources */,
				59B2DDAE276B5C4C0038B0EA /* CodingKey+JSON.swift in Sources */,
				59C3CDC0274D2CC20043BA77 /* GetConfigInteractor.swift in Sources */,
				D2D277262747C9CF00B5F69E /* ActionNotificationNetworkDataSource.swift in Sources */,
				59C3CDC4274D36360043BA77 /* DeleteConfigInteractor.swift in Sources */,
				59799E5C2746609A00BFB375 /* NotificationNetworkDataSource.swift in Sources */,
				59C12ECF2746DC7100311D24 /* PushSubscription.swift in Sources */,
				59799E4427465C9200BFB375 /* String+HMAC.swift in Sources */,
				59CA80BC277A19A50024673C /* NotificationStoreCombine.swift in Sources */,
				59B2DDA72769682C0038B0EA /* PushSubscriptionDirector.swift in Sources */,
				D2CBA52227512462002F1E44 /* PageInfo.swift in Sources */,
				D2CBA52F275128FA002F1E44 /* StorePredicate.swift in Sources */,
				59B2DDA3276959AC0038B0EA /* UserPreferencesDirector.swift in Sources */,
				59F4597527597FF7008F3BC8 /* AblyConnector.swift in Sources */,
				59799E3F27465BB500BFB375 /* DataToDecodableMapper.swift in Sources */,
				59B2DDAC276AB4490038B0EA /* String+Data.swift in Sources */,
				D2CBA529275125B3002F1E44 /* GraphQLRepresentable.swift in Sources */,
				593883C627620F45001D38FC /* UserPreferencesMapper.swift in Sources */,
				D2C5A1B02768C25500C20D74 /* StoreDirector.swift in Sources */,
				59C12ED42747131000311D24 /* MappingError.swift in Sources */,
				59C12ECC2746DBC200311D24 /* PushSubscriptionNetworkDataSource.swift in Sources */,
				D2CBA53327513D6A002F1E44 /* GraphQLFragment.swift in Sources */,
				D2CBA52D27512642002F1E44 /* GraphQLResponse.swift in Sources */,
				59799E4727465F8F00BFB375 /* ConfigProvider.swift in Sources */,
				59799E65274660AD00BFB375 /* UserPreferencesProvider.swift in Sources */,
				593883BF2761EBA9001D38FC /* LogLevel.swift in Sources */,
				593883B2276036BC001D38FC /* DeviceTokenQuery.swift in Sources */,
				59799E67274660AD00BFB375 /* UserPreferencesEntity.swift in Sources */,
				59F4596E2758C739008F3BC8 /* ActionNotificationInteractor.swift in Sources */,
				59569BB22750EEDF00FF1AA6 /* StoreGraphQLRepresentableExtensions.swift in Sources */,
				D2CBA52727512518002F1E44 /* CursorPredicate.swift in Sources */,
				59799E552746604F00BFB375 /* Config.swift in Sources */,
				59F459702758CC25008F3BC8 /* DeleteNotificationInteractor.swift in Sources */,
				59569BAE274F82F100FF1AA6 /* StoreProvider.swift in Sources */,
				593883B727603B9B001D38FC /* DeletePushSubscriptionInteractor.swift in Sources */,
				D2CBA53127513747002F1E44 /* StoreContext.swift in Sources */,
				59569BB0274F838D00FF1AA6 /* StoreQuery.swift in Sources */,
				59F4596B2758C39F008F3BC8 /* FetchStorePageInteractor.swift in Sources */,
				59799E66274660AD00BFB375 /* UserPreferencesNetworkDataSource.swift in Sources */,
				59799E69274662E900BFB375 /* NotificationProvider.swift in Sources */,
				59F459722758D0DB008F3BC8 /* GetNotificationInteractor.swift in Sources */,
				593883C42761F581001D38FC /* UpdateUserPreferencesInteractor.swift in Sources */,
				59F45979275A434A008F3BC8 /* StoreRealTimeProvider.swift in Sources */,
				59799E3B27465A0E00BFB375 /* UserQuery.swift in Sources */,
				59799E5D2746609A00BFB375 /* Notification.swift in Sources */,
				59E92013275400F500D8877A /* NotificationStore.swift in Sources */,
				D2CBA52427512499002F1E44 /* Edge.swift in Sources */,
				59C12ED12746E48100311D24 /* PushSubscriptionProvider.swift in Sources */,
				59799E4027465BB500BFB375 /* HttpClient.swift in Sources */,
				59569BB52750FD8700FF1AA6 /* GetStorePagesInteractor.swift in Sources */,
				D2D2772B2747D43200B5F69E /* PushSubscriptionQuery.swift in Sources */,
				59C3CDBC274D039D0043BA77 /* MagicBellError.swift in Sources */,
				59799E312746587000BFB375 /* MagicBellClient.swift in Sources */,
				59799E38274659D800BFB375 /* Environment.swift in Sources */,
				D27CF1BA27906FDD00897BCB /* User.swift in Sources */,
				59C3CDC2274D2F220043BA77 /* EncodableToDataMapper.swift in Sources */,
				593883C827621037001D38FC /* UserPreferences.swift in Sources */,
				59799E6B274671A100BFB375 /* NetworkError.swift in Sources */,
				D2D277292747D40A00B5F69E /* NotificationQuery.swift in Sources */,
				59569BA8274F7CA300FF1AA6 /* StoresGraphQLDataSource.swift in Sources */,
				59569B9A274F752100FF1AA6 /* StorePage.swift in Sources */,
				59799E33274658B100BFB375 /* SDKProvider.swift in Sources */,
				593883C22761F18D001D38FC /* GetUserPreferencesInteractor.swift in Sources */,
				5953192E27561BA8006673E9 /* NotificationValidator.swift in Sources */,
				59F4597B275A48AD008F3BC8 /* StoreRealTime.swift in Sources */,
				593883B027603023001D38FC /* SendPushSubscriptionInteractor.swift in Sources */,
				59799E542746604F00BFB375 /* ConfigNetworkDataSource.swift in Sources */,
				D29D249227747DA000726ABD /* NotificationStorePublisher.swift in Sources */,
				D2E038282767943F0077FFF3 /* NotificationStoreObserver.swift in Sources */,
				59C3CDC6274D4ED40043BA77 /* ErrorEntity.swift in Sources */,
			);
			runOnlyForDeploymentPostprocessing = 0;
		};
		59EF99B727446D6900FB2378 /* Sources */ = {
			isa = PBXSourcesBuildPhase;
			buildActionMask = 2147483647;
			files = (
				5997F8FB2770F42800DED4E4 /* NotificationMotherObject.swift in Sources */,
				5997F8EF2770A3E600DED4E4 /* StoreRealTimeMock.swift in Sources */,
				595AC4D627715D9D00A3DCA2 /* InitialNotificationStoreCounts.swift in Sources */,
				595AC4C327710C0100A3DCA2 /* StorePageMotherObject.swift in Sources */,
				5997F8E6277099CB00DED4E4 /* FetchStorePageMockInteractor.swift in Sources */,
				5997F8EB27709E6A00DED4E4 /* DeleteNotificationMockInteractor.swift in Sources */,
				5997F8F52770EA9F00DED4E4 /* GetConfigMockInteractor.swift in Sources */,
				5997F8F72770ED4C00DED4E4 /* DeleteConfigMockInteractor.swift in Sources */,
				595AC4CE27710EF000A3DCA2 /* PageInfoMotherObject.swift in Sources */,
				5988BBDE2771F057009F4205 /* ContentObserverMock.swift in Sources */,
				5988BBDA2771D0C2009F4205 /* NotificationStoreRealTimeTests.swift in Sources */,
				5997F8F22770A88600DED4E4 /* NotificationStoreTests.swift in Sources */,
				5997F8E927709A8D00DED4E4 /* ActionNotificationMockInteractor.swift in Sources */,
				595319322756249A006673E9 /* NotificationValidatorTests.swift in Sources */,
				59EF99C127446D6900FB2378 /* MagicBellTests.swift in Sources */,
				595AC4C827710C7A00A3DCA2 /* NotificationEdgeMotherObject.swift in Sources */,
				59CA80BF277A2E650024673C /* NotificationStoreCombineTests.swift in Sources */,
				5988BBE02771F061009F4205 /* CountObserverMock.swift in Sources */,
			);
			runOnlyForDeploymentPostprocessing = 0;
		};
/* End PBXSourcesBuildPhase section */

/* Begin PBXTargetDependency section */
		59EF99BE27446D6900FB2378 /* PBXTargetDependency */ = {
			isa = PBXTargetDependency;
			target = 59EF99B027446D6900FB2378 /* MagicBell */;
			targetProxy = 59EF99BD27446D6900FB2378 /* PBXContainerItemProxy */;
		};
/* End PBXTargetDependency section */

/* Begin XCBuildConfiguration section */
		59EF99C327446D6900FB2378 /* Debug */ = {
			isa = XCBuildConfiguration;
			buildSettings = {
				ALWAYS_SEARCH_USER_PATHS = NO;
				CLANG_ANALYZER_NONNULL = YES;
				CLANG_ANALYZER_NUMBER_OBJECT_CONVERSION = YES_AGGRESSIVE;
				CLANG_CXX_LANGUAGE_STANDARD = "gnu++17";
				CLANG_CXX_LIBRARY = "libc++";
				CLANG_ENABLE_MODULES = YES;
				CLANG_ENABLE_OBJC_ARC = YES;
				CLANG_ENABLE_OBJC_WEAK = YES;
				CLANG_WARN_BLOCK_CAPTURE_AUTORELEASING = YES;
				CLANG_WARN_BOOL_CONVERSION = YES;
				CLANG_WARN_COMMA = YES;
				CLANG_WARN_CONSTANT_CONVERSION = YES;
				CLANG_WARN_DEPRECATED_OBJC_IMPLEMENTATIONS = YES;
				CLANG_WARN_DIRECT_OBJC_ISA_USAGE = YES_ERROR;
				CLANG_WARN_DOCUMENTATION_COMMENTS = YES;
				CLANG_WARN_EMPTY_BODY = YES;
				CLANG_WARN_ENUM_CONVERSION = YES;
				CLANG_WARN_INFINITE_RECURSION = YES;
				CLANG_WARN_INT_CONVERSION = YES;
				CLANG_WARN_NON_LITERAL_NULL_CONVERSION = YES;
				CLANG_WARN_OBJC_IMPLICIT_RETAIN_SELF = YES;
				CLANG_WARN_OBJC_LITERAL_CONVERSION = YES;
				CLANG_WARN_OBJC_ROOT_CLASS = YES_ERROR;
				CLANG_WARN_QUOTED_INCLUDE_IN_FRAMEWORK_HEADER = YES;
				CLANG_WARN_RANGE_LOOP_ANALYSIS = YES;
				CLANG_WARN_STRICT_PROTOTYPES = YES;
				CLANG_WARN_SUSPICIOUS_MOVE = YES;
				CLANG_WARN_UNGUARDED_AVAILABILITY = YES_AGGRESSIVE;
				CLANG_WARN_UNREACHABLE_CODE = YES;
				CLANG_WARN__DUPLICATE_METHOD_MATCH = YES;
				COPY_PHASE_STRIP = NO;
				CURRENT_PROJECT_VERSION = 1;
				DEBUG_INFORMATION_FORMAT = dwarf;
				ENABLE_STRICT_OBJC_MSGSEND = YES;
				ENABLE_TESTABILITY = YES;
				GCC_C_LANGUAGE_STANDARD = gnu11;
				GCC_DYNAMIC_NO_PIC = NO;
				GCC_NO_COMMON_BLOCKS = YES;
				GCC_OPTIMIZATION_LEVEL = 0;
				GCC_PREPROCESSOR_DEFINITIONS = (
					"DEBUG=1",
					"$(inherited)",
				);
				GCC_WARN_64_TO_32_BIT_CONVERSION = YES;
				GCC_WARN_ABOUT_RETURN_TYPE = YES_ERROR;
				GCC_WARN_UNDECLARED_SELECTOR = YES;
				GCC_WARN_UNINITIALIZED_AUTOS = YES_AGGRESSIVE;
				GCC_WARN_UNUSED_FUNCTION = YES;
				GCC_WARN_UNUSED_VARIABLE = YES;
				IPHONEOS_DEPLOYMENT_TARGET = 12.0;
				MTL_ENABLE_DEBUG_INFO = INCLUDE_SOURCE;
				MTL_FAST_MATH = YES;
				ONLY_ACTIVE_ARCH = YES;
				SDKROOT = iphoneos;
				SWIFT_ACTIVE_COMPILATION_CONDITIONS = DEBUG;
				SWIFT_OPTIMIZATION_LEVEL = "-Onone";
				VERSIONING_SYSTEM = "apple-generic";
				VERSION_INFO_PREFIX = "";
			};
			name = Debug;
		};
		59EF99C427446D6900FB2378 /* Release */ = {
			isa = XCBuildConfiguration;
			buildSettings = {
				ALWAYS_SEARCH_USER_PATHS = NO;
				CLANG_ANALYZER_NONNULL = YES;
				CLANG_ANALYZER_NUMBER_OBJECT_CONVERSION = YES_AGGRESSIVE;
				CLANG_CXX_LANGUAGE_STANDARD = "gnu++17";
				CLANG_CXX_LIBRARY = "libc++";
				CLANG_ENABLE_MODULES = YES;
				CLANG_ENABLE_OBJC_ARC = YES;
				CLANG_ENABLE_OBJC_WEAK = YES;
				CLANG_WARN_BLOCK_CAPTURE_AUTORELEASING = YES;
				CLANG_WARN_BOOL_CONVERSION = YES;
				CLANG_WARN_COMMA = YES;
				CLANG_WARN_CONSTANT_CONVERSION = YES;
				CLANG_WARN_DEPRECATED_OBJC_IMPLEMENTATIONS = YES;
				CLANG_WARN_DIRECT_OBJC_ISA_USAGE = YES_ERROR;
				CLANG_WARN_DOCUMENTATION_COMMENTS = YES;
				CLANG_WARN_EMPTY_BODY = YES;
				CLANG_WARN_ENUM_CONVERSION = YES;
				CLANG_WARN_INFINITE_RECURSION = YES;
				CLANG_WARN_INT_CONVERSION = YES;
				CLANG_WARN_NON_LITERAL_NULL_CONVERSION = YES;
				CLANG_WARN_OBJC_IMPLICIT_RETAIN_SELF = YES;
				CLANG_WARN_OBJC_LITERAL_CONVERSION = YES;
				CLANG_WARN_OBJC_ROOT_CLASS = YES_ERROR;
				CLANG_WARN_QUOTED_INCLUDE_IN_FRAMEWORK_HEADER = YES;
				CLANG_WARN_RANGE_LOOP_ANALYSIS = YES;
				CLANG_WARN_STRICT_PROTOTYPES = YES;
				CLANG_WARN_SUSPICIOUS_MOVE = YES;
				CLANG_WARN_UNGUARDED_AVAILABILITY = YES_AGGRESSIVE;
				CLANG_WARN_UNREACHABLE_CODE = YES;
				CLANG_WARN__DUPLICATE_METHOD_MATCH = YES;
				COPY_PHASE_STRIP = NO;
				CURRENT_PROJECT_VERSION = 1;
				DEBUG_INFORMATION_FORMAT = "dwarf-with-dsym";
				ENABLE_NS_ASSERTIONS = NO;
				ENABLE_STRICT_OBJC_MSGSEND = YES;
				GCC_C_LANGUAGE_STANDARD = gnu11;
				GCC_NO_COMMON_BLOCKS = YES;
				GCC_WARN_64_TO_32_BIT_CONVERSION = YES;
				GCC_WARN_ABOUT_RETURN_TYPE = YES_ERROR;
				GCC_WARN_UNDECLARED_SELECTOR = YES;
				GCC_WARN_UNINITIALIZED_AUTOS = YES_AGGRESSIVE;
				GCC_WARN_UNUSED_FUNCTION = YES;
				GCC_WARN_UNUSED_VARIABLE = YES;
				IPHONEOS_DEPLOYMENT_TARGET = 12.0;
				MTL_ENABLE_DEBUG_INFO = NO;
				MTL_FAST_MATH = YES;
				SDKROOT = iphoneos;
				SWIFT_COMPILATION_MODE = wholemodule;
				SWIFT_OPTIMIZATION_LEVEL = "-O";
				VALIDATE_PRODUCT = YES;
				VERSIONING_SYSTEM = "apple-generic";
				VERSION_INFO_PREFIX = "";
			};
			name = Release;
		};
		59EF99C627446D6900FB2378 /* Debug */ = {
			isa = XCBuildConfiguration;
			buildSettings = {
				CODE_SIGN_STYLE = Automatic;
				CURRENT_PROJECT_VERSION = 1;
				DEFINES_MODULE = YES;
				DEVELOPMENT_ASSET_PATHS = "";
				DYLIB_COMPATIBILITY_VERSION = 1;
				DYLIB_CURRENT_VERSION = 1;
				DYLIB_INSTALL_NAME_BASE = "@rpath";
				FRAMEWORK_SEARCH_PATHS = (
					"$(inherited)",
					"$(PROJECT_DIR)/Example/Carthage/Build/AblyDeltaCodec.xcframework/ios-arm64_armv7",
					"$(PROJECT_DIR)/Example/Carthage/Build/Ably.xcframework/ios-arm64_armv7",
					"$(PROJECT_DIR)/Example/Carthage/Build/msgpack.xcframework/ios-arm64_armv7",
					"$(PROJECT_DIR)/Example/Carthage/Build/Harmony.xcframework/ios-arm64",
				);
				GENERATE_INFOPLIST_FILE = YES;
				INFOPLIST_KEY_NSHumanReadableCopyright = "";
				INSTALL_PATH = "$(LOCAL_LIBRARY_DIR)/Frameworks";
				LD_RUNPATH_SEARCH_PATHS = (
					"$(inherited)",
					"@executable_path/Frameworks",
					"@loader_path/Frameworks",
				);
				MARKETING_VERSION = 1.0;
				PRODUCT_BUNDLE_IDENTIFIER = com.magicbell.MagicBell;
				PRODUCT_NAME = "$(TARGET_NAME:c99extidentifier)";
				SKIP_INSTALL = YES;
				SUPPORTS_MACCATALYST = NO;
				SWIFT_EMIT_LOC_STRINGS = YES;
				SWIFT_VERSION = 5.0;
				TARGETED_DEVICE_FAMILY = "1,2";
			};
			name = Debug;
		};
		59EF99C727446D6900FB2378 /* Release */ = {
			isa = XCBuildConfiguration;
			buildSettings = {
				CODE_SIGN_STYLE = Automatic;
				CURRENT_PROJECT_VERSION = 1;
				DEFINES_MODULE = YES;
				DEVELOPMENT_ASSET_PATHS = "";
				DYLIB_COMPATIBILITY_VERSION = 1;
				DYLIB_CURRENT_VERSION = 1;
				DYLIB_INSTALL_NAME_BASE = "@rpath";
				FRAMEWORK_SEARCH_PATHS = (
					"$(inherited)",
					"$(PROJECT_DIR)/Example/Carthage/Build/AblyDeltaCodec.xcframework/ios-arm64_armv7",
					"$(PROJECT_DIR)/Example/Carthage/Build/Ably.xcframework/ios-arm64_armv7",
					"$(PROJECT_DIR)/Example/Carthage/Build/msgpack.xcframework/ios-arm64_armv7",
					"$(PROJECT_DIR)/Example/Carthage/Build/Harmony.xcframework/ios-arm64",
				);
				GENERATE_INFOPLIST_FILE = YES;
				INFOPLIST_KEY_NSHumanReadableCopyright = "";
				INSTALL_PATH = "$(LOCAL_LIBRARY_DIR)/Frameworks";
				LD_RUNPATH_SEARCH_PATHS = (
					"$(inherited)",
					"@executable_path/Frameworks",
					"@loader_path/Frameworks",
				);
				MARKETING_VERSION = 1.0;
				PRODUCT_BUNDLE_IDENTIFIER = com.magicbell.MagicBell;
				PRODUCT_NAME = "$(TARGET_NAME:c99extidentifier)";
				SKIP_INSTALL = YES;
				SUPPORTS_MACCATALYST = NO;
				SWIFT_EMIT_LOC_STRINGS = YES;
				SWIFT_VERSION = 5.0;
				TARGETED_DEVICE_FAMILY = "1,2";
			};
			name = Release;
		};
		59EF99C927446D6900FB2378 /* Debug */ = {
			isa = XCBuildConfiguration;
			buildSettings = {
				CODE_SIGN_STYLE = Automatic;
				CURRENT_PROJECT_VERSION = 1;
				GENERATE_INFOPLIST_FILE = YES;
				IPHONEOS_DEPLOYMENT_TARGET = 13.0;
				LD_RUNPATH_SEARCH_PATHS = (
					"$(inherited)",
					"@executable_path/Frameworks",
					"@loader_path/Frameworks",
				);
				MARKETING_VERSION = 1.0;
				PRODUCT_BUNDLE_IDENTIFIER = com.magicbell.MagicBellTests;
				PRODUCT_NAME = "$(TARGET_NAME)";
				SWIFT_EMIT_LOC_STRINGS = NO;
				SWIFT_VERSION = 5.0;
				TARGETED_DEVICE_FAMILY = "1,2";
			};
			name = Debug;
		};
		59EF99CA27446D6900FB2378 /* Release */ = {
			isa = XCBuildConfiguration;
			buildSettings = {
				CODE_SIGN_STYLE = Automatic;
				CURRENT_PROJECT_VERSION = 1;
				GENERATE_INFOPLIST_FILE = YES;
				IPHONEOS_DEPLOYMENT_TARGET = 13.0;
				LD_RUNPATH_SEARCH_PATHS = (
					"$(inherited)",
					"@executable_path/Frameworks",
					"@loader_path/Frameworks",
				);
				MARKETING_VERSION = 1.0;
				PRODUCT_BUNDLE_IDENTIFIER = com.magicbell.MagicBellTests;
				PRODUCT_NAME = "$(TARGET_NAME)";
				SWIFT_EMIT_LOC_STRINGS = NO;
				SWIFT_VERSION = 5.0;
				TARGETED_DEVICE_FAMILY = "1,2";
			};
			name = Release;
		};
/* End XCBuildConfiguration section */

/* Begin XCConfigurationList section */
		59EF99AB27446D6900FB2378 /* Build configuration list for PBXProject "MagicBell" */ = {
			isa = XCConfigurationList;
			buildConfigurations = (
				59EF99C327446D6900FB2378 /* Debug */,
				59EF99C427446D6900FB2378 /* Release */,
			);
			defaultConfigurationIsVisible = 0;
			defaultConfigurationName = Release;
		};
		59EF99C527446D6900FB2378 /* Build configuration list for PBXNativeTarget "MagicBell" */ = {
			isa = XCConfigurationList;
			buildConfigurations = (
				59EF99C627446D6900FB2378 /* Debug */,
				59EF99C727446D6900FB2378 /* Release */,
			);
			defaultConfigurationIsVisible = 0;
			defaultConfigurationName = Release;
		};
		59EF99C827446D6900FB2378 /* Build configuration list for PBXNativeTarget "MagicBellTests" */ = {
			isa = XCConfigurationList;
			buildConfigurations = (
				59EF99C927446D6900FB2378 /* Debug */,
				59EF99CA27446D6900FB2378 /* Release */,
			);
			defaultConfigurationIsVisible = 0;
			defaultConfigurationName = Release;
		};
/* End XCConfigurationList section */
	};
	rootObject = 59EF99A827446D6900FB2378 /* Project object */;
}
