// !$*UTF8*$!
{
	archiveVersion = 1;
	classes = {
	};
	objectVersion = 55;
	objects = {

/* Begin PBXBuildFile section */
		0282E47E113FDDFDAF64E2E8 /* Pods_Example.framework in Frameworks */ = {isa = PBXBuildFile; fileRef = 1ACF1B55F3AFD2FDD00011E1 /* Pods_Example.framework */; };
		599A9207275E702600656E32 /* BadgeBarButtonItem.swift in Sources */ = {isa = PBXBuildFile; fileRef = 599A9206275E702600656E32 /* BadgeBarButtonItem.swift */; };
		59EF9A942744700700FB2378 /* AppDelegate.swift in Sources */ = {isa = PBXBuildFile; fileRef = 59EF9A932744700700FB2378 /* AppDelegate.swift */; };
		59EF9A962744700700FB2378 /* SceneDelegate.swift in Sources */ = {isa = PBXBuildFile; fileRef = 59EF9A952744700700FB2378 /* SceneDelegate.swift */; };
		59EF9A982744700700FB2378 /* MagicBellStoreViewController.swift in Sources */ = {isa = PBXBuildFile; fileRef = 59EF9A972744700700FB2378 /* MagicBellStoreViewController.swift */; };
		59EF9A9B2744700700FB2378 /* Main.storyboard in Resources */ = {isa = PBXBuildFile; fileRef = 59EF9A992744700700FB2378 /* Main.storyboard */; };
		59EF9A9D2744700800FB2378 /* Assets.xcassets in Resources */ = {isa = PBXBuildFile; fileRef = 59EF9A9C2744700800FB2378 /* Assets.xcassets */; };
		59EF9AA02744700800FB2378 /* LaunchScreen.storyboard in Resources */ = {isa = PBXBuildFile; fileRef = 59EF9A9E2744700800FB2378 /* LaunchScreen.storyboard */; };
		94E508EF2BC71087002995F3 /* String+Empty.swift in Sources */ = {isa = PBXBuildFile; fileRef = 94E508EE2BC71087002995F3 /* String+Empty.swift */; };
		D2DC15F62758C68000282C27 /* UIColorExtensions.swift in Sources */ = {isa = PBXBuildFile; fileRef = D2DC15F52758C68000282C27 /* UIColorExtensions.swift */; };
		D2DC15F82758CC0B00282C27 /* MagicBellStoreCell.swift in Sources */ = {isa = PBXBuildFile; fileRef = D2DC15F72758CC0B00282C27 /* MagicBellStoreCell.swift */; };
		D2E4B088277B5EA500E9E98F /* MagicBellView.swift in Sources */ = {isa = PBXBuildFile; fileRef = D2E4B087277B5E8A00E9E98F /* MagicBellView.swift */; };
		D2E4B08B277B5EDF00E9E98F /* Appearance.swift in Sources */ = {isa = PBXBuildFile; fileRef = D2E4B08A277B5EDF00E9E98F /* Appearance.swift */; };
		D2E4B08D277B619F00E9E98F /* UIHostingViewController.swift in Sources */ = {isa = PBXBuildFile; fileRef = D2E4B08C277B619F00E9E98F /* UIHostingViewController.swift */; };
/* End PBXBuildFile section */

/* Begin PBXFileReference section */
		059453C7FBEE8798399306B0 /* Pods-Example.debug.xcconfig */ = {isa = PBXFileReference; includeInIndex = 1; lastKnownFileType = text.xcconfig; name = "Pods-Example.debug.xcconfig"; path = "Target Support Files/Pods-Example/Pods-Example.debug.xcconfig"; sourceTree = "<group>"; };
		1ACF1B55F3AFD2FDD00011E1 /* Pods_Example.framework */ = {isa = PBXFileReference; explicitFileType = wrapper.framework; includeInIndex = 0; path = Pods_Example.framework; sourceTree = BUILT_PRODUCTS_DIR; };
		599A9206275E702600656E32 /* BadgeBarButtonItem.swift */ = {isa = PBXFileReference; lastKnownFileType = sourcecode.swift; path = BadgeBarButtonItem.swift; sourceTree = "<group>"; };
		59EF9A902744700700FB2378 /* Example.app */ = {isa = PBXFileReference; explicitFileType = wrapper.application; includeInIndex = 0; path = Example.app; sourceTree = BUILT_PRODUCTS_DIR; };
		59EF9A932744700700FB2378 /* AppDelegate.swift */ = {isa = PBXFileReference; lastKnownFileType = sourcecode.swift; path = AppDelegate.swift; sourceTree = "<group>"; };
		59EF9A952744700700FB2378 /* SceneDelegate.swift */ = {isa = PBXFileReference; lastKnownFileType = sourcecode.swift; path = SceneDelegate.swift; sourceTree = "<group>"; };
		59EF9A972744700700FB2378 /* MagicBellStoreViewController.swift */ = {isa = PBXFileReference; lastKnownFileType = sourcecode.swift; path = MagicBellStoreViewController.swift; sourceTree = "<group>"; };
		59EF9A9A2744700700FB2378 /* Base */ = {isa = PBXFileReference; lastKnownFileType = file.storyboard; name = Base; path = Base.lproj/Main.storyboard; sourceTree = "<group>"; };
		59EF9A9C2744700800FB2378 /* Assets.xcassets */ = {isa = PBXFileReference; lastKnownFileType = folder.assetcatalog; path = Assets.xcassets; sourceTree = "<group>"; };
		59EF9A9F2744700800FB2378 /* Base */ = {isa = PBXFileReference; lastKnownFileType = file.storyboard; name = Base; path = Base.lproj/LaunchScreen.storyboard; sourceTree = "<group>"; };
		59EF9AA12744700800FB2378 /* Info.plist */ = {isa = PBXFileReference; lastKnownFileType = text.plist.xml; path = Info.plist; sourceTree = "<group>"; };
		911386F4690B2C7C97254425 /* Pods-Example.release.xcconfig */ = {isa = PBXFileReference; includeInIndex = 1; lastKnownFileType = text.xcconfig; name = "Pods-Example.release.xcconfig"; path = "Target Support Files/Pods-Example/Pods-Example.release.xcconfig"; sourceTree = "<group>"; };
		94E508EE2BC71087002995F3 /* String+Empty.swift */ = {isa = PBXFileReference; lastKnownFileType = sourcecode.swift; path = "String+Empty.swift"; sourceTree = "<group>"; };
		D2DC15F52758C68000282C27 /* UIColorExtensions.swift */ = {isa = PBXFileReference; lastKnownFileType = sourcecode.swift; path = UIColorExtensions.swift; sourceTree = "<group>"; };
		D2DC15F72758CC0B00282C27 /* MagicBellStoreCell.swift */ = {isa = PBXFileReference; lastKnownFileType = sourcecode.swift; path = MagicBellStoreCell.swift; sourceTree = "<group>"; };
		D2E4B087277B5E8A00E9E98F /* MagicBellView.swift */ = {isa = PBXFileReference; lastKnownFileType = sourcecode.swift; path = MagicBellView.swift; sourceTree = "<group>"; };
		D2E4B08A277B5EDF00E9E98F /* Appearance.swift */ = {isa = PBXFileReference; lastKnownFileType = sourcecode.swift; path = Appearance.swift; sourceTree = "<group>"; };
		D2E4B08C277B619F00E9E98F /* UIHostingViewController.swift */ = {isa = PBXFileReference; lastKnownFileType = sourcecode.swift; path = UIHostingViewController.swift; sourceTree = "<group>"; };
/* End PBXFileReference section */

/* Begin PBXFrameworksBuildPhase section */
		59EF9A8D2744700700FB2378 /* Frameworks */ = {
			isa = PBXFrameworksBuildPhase;
			buildActionMask = 2147483647;
			files = (
				0282E47E113FDDFDAF64E2E8 /* Pods_Example.framework in Frameworks */,
			);
			runOnlyForDeploymentPostprocessing = 0;
		};
/* End PBXFrameworksBuildPhase section */

/* Begin PBXGroup section */
		0F879074774FFD2C945066B1 /* Frameworks */ = {
			isa = PBXGroup;
			children = (
				1ACF1B55F3AFD2FDD00011E1 /* Pods_Example.framework */,
			);
			name = Frameworks;
			sourceTree = "<group>";
		};
		59EF9A872744700700FB2378 = {
			isa = PBXGroup;
			children = (
				59EF9A922744700700FB2378 /* Example */,
				59EF9A912744700700FB2378 /* Products */,
				F84B8EAC783F4CA306D44813 /* Pods */,
				0F879074774FFD2C945066B1 /* Frameworks */,
			);
			sourceTree = "<group>";
		};
		59EF9A912744700700FB2378 /* Products */ = {
			isa = PBXGroup;
			children = (
				59EF9A902744700700FB2378 /* Example.app */,
			);
			name = Products;
			sourceTree = "<group>";
		};
		59EF9A922744700700FB2378 /* Example */ = {
			isa = PBXGroup;
			children = (
				59EF9A932744700700FB2378 /* AppDelegate.swift */,
				59EF9A952744700700FB2378 /* SceneDelegate.swift */,
				D2E4B089277B5ED100E9E98F /* Helpers */,
				D2E4B086277B5E8600E9E98F /* SwiftUI */,
				D2E4B085277B5E7A00E9E98F /* UIKit */,
				59EF9A992744700700FB2378 /* Main.storyboard */,
				59EF9A9C2744700800FB2378 /* Assets.xcassets */,
				59EF9A9E2744700800FB2378 /* LaunchScreen.storyboard */,
				59EF9AA12744700800FB2378 /* Info.plist */,
			);
			path = Example;
			sourceTree = "<group>";
		};
		D2E4B085277B5E7A00E9E98F /* UIKit */ = {
			isa = PBXGroup;
			children = (
				599A9206275E702600656E32 /* BadgeBarButtonItem.swift */,
				59EF9A972744700700FB2378 /* MagicBellStoreViewController.swift */,
				D2DC15F72758CC0B00282C27 /* MagicBellStoreCell.swift */,
			);
			path = UIKit;
			sourceTree = "<group>";
		};
		D2E4B086277B5E8600E9E98F /* SwiftUI */ = {
			isa = PBXGroup;
			children = (
				D2E4B087277B5E8A00E9E98F /* MagicBellView.swift */,
			);
			path = SwiftUI;
			sourceTree = "<group>";
		};
		D2E4B089277B5ED100E9E98F /* Helpers */ = {
			isa = PBXGroup;
			children = (
				D2DC15F52758C68000282C27 /* UIColorExtensions.swift */,
				D2E4B08A277B5EDF00E9E98F /* Appearance.swift */,
				D2E4B08C277B619F00E9E98F /* UIHostingViewController.swift */,
				94E508EE2BC71087002995F3 /* String+Empty.swift */,
			);
			path = Helpers;
			sourceTree = "<group>";
		};
		F84B8EAC783F4CA306D44813 /* Pods */ = {
			isa = PBXGroup;
			children = (
				059453C7FBEE8798399306B0 /* Pods-Example.debug.xcconfig */,
				911386F4690B2C7C97254425 /* Pods-Example.release.xcconfig */,
			);
			path = Pods;
			sourceTree = "<group>";
		};
/* End PBXGroup section */

/* Begin PBXNativeTarget section */
		59EF9A8F2744700700FB2378 /* Example */ = {
			isa = PBXNativeTarget;
			buildConfigurationList = 59EF9ABA2744700800FB2378 /* Build configuration list for PBXNativeTarget "Example" */;
			buildPhases = (
				84EF3AE6F01CF062D4B87FD5 /* [CP] Check Pods Manifest.lock */,
				59EF9A8C2744700700FB2378 /* Sources */,
				59EF9A8D2744700700FB2378 /* Frameworks */,
				59EF9A8E2744700700FB2378 /* Resources */,
				59EF9ACD27447C0900FB2378 /* Run linter */,
				CCED678A77066E27C86608E8 /* [CP] Embed Pods Frameworks */,
			);
			buildRules = (
			);
			dependencies = (
			);
			name = Example;
			productName = Example;
			productReference = 59EF9A902744700700FB2378 /* Example.app */;
			productType = "com.apple.product-type.application";
		};
/* End PBXNativeTarget section */

/* Begin PBXProject section */
		59EF9A882744700700FB2378 /* Project object */ = {
			isa = PBXProject;
			attributes = {
				BuildIndependentTargetsInParallel = 1;
				LastSwiftUpdateCheck = 1310;
				LastUpgradeCheck = 1310;
				TargetAttributes = {
					59EF9A8F2744700700FB2378 = {
						CreatedOnToolsVersion = 13.1;
					};
				};
			};
			buildConfigurationList = 59EF9A8B2744700700FB2378 /* Build configuration list for PBXProject "Example" */;
			compatibilityVersion = "Xcode 13.0";
			developmentRegion = en;
			hasScannedForEncodings = 0;
			knownRegions = (
				en,
				Base,
			);
			mainGroup = 59EF9A872744700700FB2378;
			productRefGroup = 59EF9A912744700700FB2378 /* Products */;
			projectDirPath = "";
			projectRoot = "";
			targets = (
				59EF9A8F2744700700FB2378 /* Example */,
			);
		};
/* End PBXProject section */

/* Begin PBXResourcesBuildPhase section */
		59EF9A8E2744700700FB2378 /* Resources */ = {
			isa = PBXResourcesBuildPhase;
			buildActionMask = 2147483647;
			files = (
				59EF9AA02744700800FB2378 /* LaunchScreen.storyboard in Resources */,
				59EF9A9D2744700800FB2378 /* Assets.xcassets in Resources */,
				59EF9A9B2744700700FB2378 /* Main.storyboard in Resources */,
			);
			runOnlyForDeploymentPostprocessing = 0;
		};
/* End PBXResourcesBuildPhase section */

/* Begin PBXShellScriptBuildPhase section */
		59EF9ACD27447C0900FB2378 /* Run linter */ = {
			isa = PBXShellScriptBuildPhase;
			buildActionMask = 2147483647;
			files = (
			);
			inputFileListPaths = (
			);
			inputPaths = (
			);
			name = "Run linter";
			outputFileListPaths = (
			);
			outputPaths = (
			);
			runOnlyForDeploymentPostprocessing = 0;
			shellPath = /bin/sh;
			shellScript = "# Type a script or drag a script file from your workspace to insert its path.\nif [ -x \"${PODS_ROOT}/SwiftLint/swiftlint\" ]; then\n    \"${PODS_ROOT}/SwiftLint/swiftlint\"\nelse\n    >&2 echo \"warning: SwiftLint not installed, please run `pod install --repo-update`.\"\nfi\n";
		};
		84EF3AE6F01CF062D4B87FD5 /* [CP] Check Pods Manifest.lock */ = {
			isa = PBXShellScriptBuildPhase;
			buildActionMask = 2147483647;
			files = (
			);
			inputFileListPaths = (
			);
			inputPaths = (
				"${PODS_PODFILE_DIR_PATH}/Podfile.lock",
				"${PODS_ROOT}/Manifest.lock",
			);
			name = "[CP] Check Pods Manifest.lock";
			outputFileListPaths = (
			);
			outputPaths = (
				"$(DERIVED_FILE_DIR)/Pods-Example-checkManifestLockResult.txt",
			);
			runOnlyForDeploymentPostprocessing = 0;
			shellPath = /bin/sh;
			shellScript = "diff \"${PODS_PODFILE_DIR_PATH}/Podfile.lock\" \"${PODS_ROOT}/Manifest.lock\" > /dev/null\nif [ $? != 0 ] ; then\n    # print error to STDERR\n    echo \"error: The sandbox is not in sync with the Podfile.lock. Run 'pod install' or update your CocoaPods installation.\" >&2\n    exit 1\nfi\n# This output is used by Xcode 'outputs' to avoid re-running this script phase.\necho \"SUCCESS\" > \"${SCRIPT_OUTPUT_FILE_0}\"\n";
			showEnvVarsInLog = 0;
		};
		CCED678A77066E27C86608E8 /* [CP] Embed Pods Frameworks */ = {
			isa = PBXShellScriptBuildPhase;
			buildActionMask = 2147483647;
			files = (
			);
			inputFileListPaths = (
				"${PODS_ROOT}/Target Support Files/Pods-Example/Pods-Example-frameworks-${CONFIGURATION}-input-files.xcfilelist",
			);
			name = "[CP] Embed Pods Frameworks";
			outputFileListPaths = (
				"${PODS_ROOT}/Target Support Files/Pods-Example/Pods-Example-frameworks-${CONFIGURATION}-output-files.xcfilelist",
			);
			runOnlyForDeploymentPostprocessing = 0;
			shellPath = /bin/sh;
			shellScript = "\"${PODS_ROOT}/Target Support Files/Pods-Example/Pods-Example-frameworks.sh\"\n";
			showEnvVarsInLog = 0;
		};
/* End PBXShellScriptBuildPhase section */

/* Begin PBXSourcesBuildPhase section */
		59EF9A8C2744700700FB2378 /* Sources */ = {
			isa = PBXSourcesBuildPhase;
			buildActionMask = 2147483647;
			files = (
				94E508EF2BC71087002995F3 /* String+Empty.swift in Sources */,
				59EF9A982744700700FB2378 /* MagicBellStoreViewController.swift in Sources */,
				D2DC15F82758CC0B00282C27 /* MagicBellStoreCell.swift in Sources */,
				59EF9A942744700700FB2378 /* AppDelegate.swift in Sources */,
				D2E4B08B277B5EDF00E9E98F /* Appearance.swift in Sources */,
				D2E4B088277B5EA500E9E98F /* MagicBellView.swift in Sources */,
				59EF9A962744700700FB2378 /* SceneDelegate.swift in Sources */,
				599A9207275E702600656E32 /* BadgeBarButtonItem.swift in Sources */,
				D2E4B08D277B619F00E9E98F /* UIHostingViewController.swift in Sources */,
				D2DC15F62758C68000282C27 /* UIColorExtensions.swift in Sources */,
			);
			runOnlyForDeploymentPostprocessing = 0;
		};
/* End PBXSourcesBuildPhase section */

/* Begin PBXVariantGroup section */
		59EF9A992744700700FB2378 /* Main.storyboard */ = {
			isa = PBXVariantGroup;
			children = (
				59EF9A9A2744700700FB2378 /* Base */,
			);
			name = Main.storyboard;
			sourceTree = "<group>";
		};
		59EF9A9E2744700800FB2378 /* LaunchScreen.storyboard */ = {
			isa = PBXVariantGroup;
			children = (
				59EF9A9F2744700800FB2378 /* Base */,
			);
			name = LaunchScreen.storyboard;
			sourceTree = "<group>";
		};
/* End PBXVariantGroup section */

/* Begin XCBuildConfiguration section */
		59EF9AB82744700800FB2378 /* Debug */ = {
			isa = XCBuildConfiguration;
			buildSettings = {
				ALWAYS_SEARCH_USER_PATHS = NO;
				CLANG_ANALYZER_NONNULL = YES;
				CLANG_ANALYZER_NUMBER_OBJECT_CONVERSION = YES_AGGRESSIVE;
				CLANG_CXX_LANGUAGE_STANDARD = "gnu++17";
				CLANG_CXX_LIBRARY = "libc++";
				CLANG_ENABLE_MODULES = YES;
				CLANG_ENABLE_OBJC_ARC = YES;
				CLANG_ENABLE_OBJC_WEAK = YES;
				CLANG_WARN_BLOCK_CAPTURE_AUTORELEASING = YES;
				CLANG_WARN_BOOL_CONVERSION = YES;
				CLANG_WARN_COMMA = YES;
				CLANG_WARN_CONSTANT_CONVERSION = YES;
				CLANG_WARN_DEPRECATED_OBJC_IMPLEMENTATIONS = YES;
				CLANG_WARN_DIRECT_OBJC_ISA_USAGE = YES_ERROR;
				CLANG_WARN_DOCUMENTATION_COMMENTS = YES;
				CLANG_WARN_EMPTY_BODY = YES;
				CLANG_WARN_ENUM_CONVERSION = YES;
				CLANG_WARN_INFINITE_RECURSION = YES;
				CLANG_WARN_INT_CONVERSION = YES;
				CLANG_WARN_NON_LITERAL_NULL_CONVERSION = YES;
				CLANG_WARN_OBJC_IMPLICIT_RETAIN_SELF = YES;
				CLANG_WARN_OBJC_LITERAL_CONVERSION = YES;
				CLANG_WARN_OBJC_ROOT_CLASS = YES_ERROR;
				CLANG_WARN_QUOTED_INCLUDE_IN_FRAMEWORK_HEADER = YES;
				CLANG_WARN_RANGE_LOOP_ANALYSIS = YES;
				CLANG_WARN_STRICT_PROTOTYPES = YES;
				CLANG_WARN_SUSPICIOUS_MOVE = YES;
				CLANG_WARN_UNGUARDED_AVAILABILITY = YES_AGGRESSIVE;
				CLANG_WARN_UNREACHABLE_CODE = YES;
				CLANG_WARN__DUPLICATE_METHOD_MATCH = YES;
				COPY_PHASE_STRIP = NO;
				DEBUG_INFORMATION_FORMAT = dwarf;
				ENABLE_STRICT_OBJC_MSGSEND = YES;
				ENABLE_TESTABILITY = YES;
				GCC_C_LANGUAGE_STANDARD = gnu11;
				GCC_DYNAMIC_NO_PIC = NO;
				GCC_NO_COMMON_BLOCKS = YES;
				GCC_OPTIMIZATION_LEVEL = 0;
				GCC_PREPROCESSOR_DEFINITIONS = (
					"DEBUG=1",
					"$(inherited)",
				);
				GCC_WARN_64_TO_32_BIT_CONVERSION = YES;
				GCC_WARN_ABOUT_RETURN_TYPE = YES_ERROR;
				GCC_WARN_UNDECLARED_SELECTOR = YES;
				GCC_WARN_UNINITIALIZED_AUTOS = YES_AGGRESSIVE;
				GCC_WARN_UNUSED_FUNCTION = YES;
				GCC_WARN_UNUSED_VARIABLE = YES;
				IPHONEOS_DEPLOYMENT_TARGET = 13.0;
				MTL_ENABLE_DEBUG_INFO = INCLUDE_SOURCE;
				MTL_FAST_MATH = YES;
				ONLY_ACTIVE_ARCH = YES;
				SDKROOT = iphoneos;
				SWIFT_ACTIVE_COMPILATION_CONDITIONS = DEBUG;
				SWIFT_OPTIMIZATION_LEVEL = "-Onone";
			};
			name = Debug;
		};
		59EF9AB92744700800FB2378 /* Release */ = {
			isa = XCBuildConfiguration;
			buildSettings = {
				ALWAYS_SEARCH_USER_PATHS = NO;
				CLANG_ANALYZER_NONNULL = YES;
				CLANG_ANALYZER_NUMBER_OBJECT_CONVERSION = YES_AGGRESSIVE;
				CLANG_CXX_LANGUAGE_STANDARD = "gnu++17";
				CLANG_CXX_LIBRARY = "libc++";
				CLANG_ENABLE_MODULES = YES;
				CLANG_ENABLE_OBJC_ARC = YES;
				CLANG_ENABLE_OBJC_WEAK = YES;
				CLANG_WARN_BLOCK_CAPTURE_AUTORELEASING = YES;
				CLANG_WARN_BOOL_CONVERSION = YES;
				CLANG_WARN_COMMA = YES;
				CLANG_WARN_CONSTANT_CONVERSION = YES;
				CLANG_WARN_DEPRECATED_OBJC_IMPLEMENTATIONS = YES;
				CLANG_WARN_DIRECT_OBJC_ISA_USAGE = YES_ERROR;
				CLANG_WARN_DOCUMENTATION_COMMENTS = YES;
				CLANG_WARN_EMPTY_BODY = YES;
				CLANG_WARN_ENUM_CONVERSION = YES;
				CLANG_WARN_INFINITE_RECURSION = YES;
				CLANG_WARN_INT_CONVERSION = YES;
				CLANG_WARN_NON_LITERAL_NULL_CONVERSION = YES;
				CLANG_WARN_OBJC_IMPLICIT_RETAIN_SELF = YES;
				CLANG_WARN_OBJC_LITERAL_CONVERSION = YES;
				CLANG_WARN_OBJC_ROOT_CLASS = YES_ERROR;
				CLANG_WARN_QUOTED_INCLUDE_IN_FRAMEWORK_HEADER = YES;
				CLANG_WARN_RANGE_LOOP_ANALYSIS = YES;
				CLANG_WARN_STRICT_PROTOTYPES = YES;
				CLANG_WARN_SUSPICIOUS_MOVE = YES;
				CLANG_WARN_UNGUARDED_AVAILABILITY = YES_AGGRESSIVE;
				CLANG_WARN_UNREACHABLE_CODE = YES;
				CLANG_WARN__DUPLICATE_METHOD_MATCH = YES;
				COPY_PHASE_STRIP = NO;
				DEBUG_INFORMATION_FORMAT = "dwarf-with-dsym";
				ENABLE_NS_ASSERTIONS = NO;
				ENABLE_STRICT_OBJC_MSGSEND = YES;
				GCC_C_LANGUAGE_STANDARD = gnu11;
				GCC_NO_COMMON_BLOCKS = YES;
				GCC_WARN_64_TO_32_BIT_CONVERSION = YES;
				GCC_WARN_ABOUT_RETURN_TYPE = YES_ERROR;
				GCC_WARN_UNDECLARED_SELECTOR = YES;
				GCC_WARN_UNINITIALIZED_AUTOS = YES_AGGRESSIVE;
				GCC_WARN_UNUSED_FUNCTION = YES;
				GCC_WARN_UNUSED_VARIABLE = YES;
				IPHONEOS_DEPLOYMENT_TARGET = 13.0;
				MTL_ENABLE_DEBUG_INFO = NO;
				MTL_FAST_MATH = YES;
				SDKROOT = iphoneos;
				SWIFT_COMPILATION_MODE = wholemodule;
				SWIFT_OPTIMIZATION_LEVEL = "-O";
				VALIDATE_PRODUCT = YES;
			};
			name = Release;
		};
		59EF9ABB2744700800FB2378 /* Debug */ = {
			isa = XCBuildConfiguration;
			baseConfigurationReference = 059453C7FBEE8798399306B0 /* Pods-Example.debug.xcconfig */;
			buildSettings = {
				ASSETCATALOG_COMPILER_APPICON_NAME = AppIcon;
				ASSETCATALOG_COMPILER_GLOBAL_ACCENT_COLOR_NAME = AccentColor;
				CODE_SIGN_STYLE = Automatic;
				CURRENT_PROJECT_VERSION = 1;
				DEVELOPMENT_TEAM = 9YHGX7ST8H;
				EXCLUDED_ARCHS = "";
				GENERATE_INFOPLIST_FILE = YES;
				INFOPLIST_FILE = Example/Info.plist;
				INFOPLIST_KEY_UIApplicationSupportsIndirectInputEvents = YES;
				INFOPLIST_KEY_UILaunchStoryboardName = LaunchScreen;
				INFOPLIST_KEY_UIMainStoryboardFile = "";
				INFOPLIST_KEY_UISupportedInterfaceOrientations_iPad = "UIInterfaceOrientationPortrait UIInterfaceOrientationPortraitUpsideDown UIInterfaceOrientationLandscapeLeft UIInterfaceOrientationLandscapeRight";
				INFOPLIST_KEY_UISupportedInterfaceOrientations_iPhone = "UIInterfaceOrientationPortrait UIInterfaceOrientationLandscapeLeft UIInterfaceOrientationLandscapeRight";
				IPHONEOS_DEPLOYMENT_TARGET = 15.0;
				LD_RUNPATH_SEARCH_PATHS = (
					"$(inherited)",
					"@executable_path/Frameworks",
				);
				MARKETING_VERSION = 1.0;
				PRODUCT_BUNDLE_IDENTIFIER = com.mobilejazz.magicbell;
				PRODUCT_NAME = "$(TARGET_NAME)";
				SWIFT_EMIT_LOC_STRINGS = YES;
				SWIFT_VERSION = 5.0;
				TARGETED_DEVICE_FAMILY = "1,2";
			};
			name = Debug;
		};
		59EF9ABC2744700800FB2378 /* Release */ = {
			isa = XCBuildConfiguration;
			baseConfigurationReference = 911386F4690B2C7C97254425 /* Pods-Example.release.xcconfig */;
			buildSettings = {
				ASSETCATALOG_COMPILER_APPICON_NAME = AppIcon;
				ASSETCATALOG_COMPILER_GLOBAL_ACCENT_COLOR_NAME = AccentColor;
				CODE_SIGN_STYLE = Automatic;
				CURRENT_PROJECT_VERSION = 1;
				DEVELOPMENT_TEAM = 9YHGX7ST8H;
				GENERATE_INFOPLIST_FILE = YES;
				INFOPLIST_FILE = Example/Info.plist;
				INFOPLIST_KEY_UIApplicationSupportsIndirectInputEvents = YES;
				INFOPLIST_KEY_UILaunchStoryboardName = LaunchScreen;
				INFOPLIST_KEY_UIMainStoryboardFile = "";
				INFOPLIST_KEY_UISupportedInterfaceOrientations_iPad = "UIInterfaceOrientationPortrait UIInterfaceOrientationPortraitUpsideDown UIInterfaceOrientationLandscapeLeft UIInterfaceOrientationLandscapeRight";
				INFOPLIST_KEY_UISupportedInterfaceOrientations_iPhone = "UIInterfaceOrientationPortrait UIInterfaceOrientationLandscapeLeft UIInterfaceOrientationLandscapeRight";
				IPHONEOS_DEPLOYMENT_TARGET = 15.0;
				LD_RUNPATH_SEARCH_PATHS = (
					"$(inherited)",
					"@executable_path/Frameworks",
				);
				MARKETING_VERSION = 1.0;
				PRODUCT_BUNDLE_IDENTIFIER = com.mobilejazz.magicbell;
				PRODUCT_NAME = "$(TARGET_NAME)";
				SWIFT_EMIT_LOC_STRINGS = YES;
				SWIFT_VERSION = 5.0;
				TARGETED_DEVICE_FAMILY = "1,2";
			};
			name = Release;
		};
/* End XCBuildConfiguration section */

/* Begin XCConfigurationList section */
		59EF9A8B2744700700FB2378 /* Build configuration list for PBXProject "Example" */ = {
			isa = XCConfigurationList;
			buildConfigurations = (
				59EF9AB82744700800FB2378 /* Debug */,
				59EF9AB92744700800FB2378 /* Release */,
			);
			defaultConfigurationIsVisible = 0;
			defaultConfigurationName = Release;
		};
		59EF9ABA2744700800FB2378 /* Build configuration list for PBXNativeTarget "Example" */ = {
			isa = XCConfigurationList;
			buildConfigurations = (
				59EF9ABB2744700800FB2378 /* Debug */,
				59EF9ABC2744700800FB2378 /* Release */,
			);
			defaultConfigurationIsVisible = 0;
			defaultConfigurationName = Release;
		};
/* End XCConfigurationList section */
	};
	rootObject = 59EF9A882744700700FB2378 /* Project object */;
}
